// !$*UTF8*$!
{
	archiveVersion = 1;
	classes = {
	};
	objectVersion = 46;
	objects = {

/* Begin PBXBuildFile section */
		775C73891BE0A73E004CE738 /* FormPreviewViewController.m in Sources */ = {isa = PBXBuildFile; fileRef = 775C73881BE0A73E004CE738 /* FormPreviewViewController.m */; };
		779637A71B747CDF0001ADC2 /* libsqlite3.0.dylib in Frameworks */ = {isa = PBXBuildFile; fileRef = 779637A61B747CDF0001ADC2 /* libsqlite3.0.dylib */; };
		779A9D851B7C7D0700D86FED /* LookupElementCell.m in Sources */ = {isa = PBXBuildFile; fileRef = 779A9D501B7C7D0700D86FED /* LookupElementCell.m */; };
		779A9D861B7C7D0700D86FED /* LookupElementCell.xib in Resources */ = {isa = PBXBuildFile; fileRef = 779A9D511B7C7D0700D86FED /* LookupElementCell.xib */; };
		779A9D891B7C7D0700D86FED /* PickListViewController.m in Sources */ = {isa = PBXBuildFile; fileRef = 779A9D591B7C7D0700D86FED /* PickListViewController.m */; };
		779A9D8A1B7C7D0700D86FED /* PickListViewController.xib in Resources */ = {isa = PBXBuildFile; fileRef = 779A9D5A1B7C7D0700D86FED /* PickListViewController.xib */; };
		779A9D8D1B7C7D0700D86FED /* RadioButtonView.m in Sources */ = {isa = PBXBuildFile; fileRef = 779A9D621B7C7D0700D86FED /* RadioButtonView.m */; };
		779A9D8E1B7C7D0700D86FED /* SignatureDrawingView.m in Sources */ = {isa = PBXBuildFile; fileRef = 779A9D661B7C7D0700D86FED /* SignatureDrawingView.m */; };
		779A9D911B7C7D0700D86FED /* SignatureViewController.m in Sources */ = {isa = PBXBuildFile; fileRef = 779A9D6D1B7C7D0700D86FED /* SignatureViewController.m */; };
		779A9D921B7C7D0700D86FED /* SignatureViewController.xib in Resources */ = {isa = PBXBuildFile; fileRef = 779A9D6E1B7C7D0700D86FED /* SignatureViewController.xib */; };
		779A9D931B7C7D0700D86FED /* SubElementCell.m in Sources */ = {isa = PBXBuildFile; fileRef = 779A9D711B7C7D0700D86FED /* SubElementCell.m */; };
		779A9D941B7C7D0700D86FED /* SubElementCell.xib in Resources */ = {isa = PBXBuildFile; fileRef = 779A9D721B7C7D0700D86FED /* SubElementCell.xib */; };
		779A9D951B7C7D0700D86FED /* TextFieldElementCell.m in Sources */ = {isa = PBXBuildFile; fileRef = 779A9D751B7C7D0700D86FED /* TextFieldElementCell.m */; };
		779A9D961B7C7D0700D86FED /* TextFieldElementCell.xib in Resources */ = {isa = PBXBuildFile; fileRef = 779A9D761B7C7D0700D86FED /* TextFieldElementCell.xib */; };
		779A9D971B7C7D0700D86FED /* TextLabelElementCell.m in Sources */ = {isa = PBXBuildFile; fileRef = 779A9D791B7C7D0700D86FED /* TextLabelElementCell.m */; };
		779A9D981B7C7D0700D86FED /* TextLabelElementCell.xib in Resources */ = {isa = PBXBuildFile; fileRef = 779A9D7A1B7C7D0700D86FED /* TextLabelElementCell.xib */; };
		779A9D991B7C7D0700D86FED /* TextViewElementCell.m in Sources */ = {isa = PBXBuildFile; fileRef = 779A9D7D1B7C7D0700D86FED /* TextViewElementCell.m */; };
		779A9D9A1B7C7D0700D86FED /* TextViewElementCell.xib in Resources */ = {isa = PBXBuildFile; fileRef = 779A9D7E1B7C7D0700D86FED /* TextViewElementCell.xib */; };
		779A9D9B1B7C7D0700D86FED /* TickBoxElementCell.m in Sources */ = {isa = PBXBuildFile; fileRef = 779A9D811B7C7D0700D86FED /* TickBoxElementCell.m */; };
		779A9D9C1B7C7D0700D86FED /* TickBoxElementCell.xib in Resources */ = {isa = PBXBuildFile; fileRef = 779A9D821B7C7D0700D86FED /* TickBoxElementCell.xib */; };
		779BD7D21BDF881200D090CB /* NewEverycertDB.sqlite in Resources */ = {isa = PBXBuildFile; fileRef = 779BD7D11BDF881200D090CB /* NewEverycertDB.sqlite */; };
		77C035BE1B789794009228F1 /* FormsListViewController.m in Sources */ = {isa = PBXBuildFile; fileRef = 77C035BD1B789794009228F1 /* FormsListViewController.m */; };
		77C035C21B7897E3009228F1 /* CertViewController.m in Sources */ = {isa = PBXBuildFile; fileRef = 77C035C11B7897E3009228F1 /* CertViewController.m */; };
		77DBB9181B6F553900F02932 /* AppDelegate.m in Sources */ = {isa = PBXBuildFile; fileRef = 77DBB9151B6F553900F02932 /* AppDelegate.m */; };
		77DBB91B1B6F555C00F02932 /* LaunchScreen.xib in Resources */ = {isa = PBXBuildFile; fileRef = 77DBB9191B6F555C00F02932 /* LaunchScreen.xib */; };
		77DBB91C1B6F555C00F02932 /* Main.storyboard in Resources */ = {isa = PBXBuildFile; fileRef = 77DBB91A1B6F555C00F02932 /* Main.storyboard */; };
		77DBB91F1B6F560600F02932 /* LoginViewController.m in Sources */ = {isa = PBXBuildFile; fileRef = 77DBB91E1B6F560600F02932 /* LoginViewController.m */; };
		77DBB9221B6F562100F02932 /* MenuViewController.m in Sources */ = {isa = PBXBuildFile; fileRef = 77DBB9211B6F562100F02932 /* MenuViewController.m */; };
		77DBB9251B6F563500F02932 /* RegistrationViewController.m in Sources */ = {isa = PBXBuildFile; fileRef = 77DBB9241B6F563500F02932 /* RegistrationViewController.m */; };
		77DBB9371B6F60C300F02932 /* SettingViewController.m in Sources */ = {isa = PBXBuildFile; fileRef = 77DBB9361B6F60C300F02932 /* SettingViewController.m */; };
		77DC23CB1B6F4A9600624211 /* main.m in Sources */ = {isa = PBXBuildFile; fileRef = 77DC23CA1B6F4A9600624211 /* main.m */; };
		77DC23D61B6F4A9600624211 /* Images.xcassets in Resources */ = {isa = PBXBuildFile; fileRef = 77DC23D51B6F4A9600624211 /* Images.xcassets */; };
		77DC23E51B6F4A9600624211 /* EveryCertTests.m in Sources */ = {isa = PBXBuildFile; fileRef = 77DC23E41B6F4A9600624211 /* EveryCertTests.m */; };
		77F8E4AC1B82220600C214A4 /* Everycert.sql in Resources */ = {isa = PBXBuildFile; fileRef = 77F8E4AB1B82220600C214A4 /* Everycert.sql */; };
		C31AA8A51BCF8F5B007FF9B9 /* FMDBDataSource.m in Sources */ = {isa = PBXBuildFile; fileRef = C31AA8A41BCF8F5B007FF9B9 /* FMDBDataSource.m */; };
		C34301F81B9832FD007AC6BB /* EverycertWithData.sqlite in Resources */ = {isa = PBXBuildFile; fileRef = C34301F71B9832FD007AC6BB /* EverycertWithData.sqlite */; };
		C38E89BB1B9705D500790752 /* CertificateHandler.m in Sources */ = {isa = PBXBuildFile; fileRef = C38E89861B9705D500790752 /* CertificateHandler.m */; };
		C38E89BC1B9705D500790752 /* CertificateModel.m in Sources */ = {isa = PBXBuildFile; fileRef = C38E89881B9705D500790752 /* CertificateModel.m */; };
		C38E89BD1B9705D500790752 /* BaseHandler.m in Sources */ = {isa = PBXBuildFile; fileRef = C38E898B1B9705D500790752 /* BaseHandler.m */; };
		C38E89BE1B9705D500790752 /* BaseModel.m in Sources */ = {isa = PBXBuildFile; fileRef = C38E898D1B9705D500790752 /* BaseModel.m */; };
		C38E89BF1B9705D500790752 /* CompanyUserHandler.m in Sources */ = {isa = PBXBuildFile; fileRef = C38E89901B9705D500790752 /* CompanyUserHandler.m */; };
		C38E89C01B9705D500790752 /* CompanyUserModel.m in Sources */ = {isa = PBXBuildFile; fileRef = C38E89921B9705D500790752 /* CompanyUserModel.m */; };
		C38E89C11B9705D500790752 /* DataHandler.m in Sources */ = {isa = PBXBuildFile; fileRef = C38E89951B9705D500790752 /* DataHandler.m */; };
		C38E89C21B9705D500790752 /* DataModel.m in Sources */ = {isa = PBXBuildFile; fileRef = C38E89971B9705D500790752 /* DataModel.m */; };
		C38E89C31B9705D500790752 /* DataBinaryHandler.m in Sources */ = {isa = PBXBuildFile; fileRef = C38E899A1B9705D500790752 /* DataBinaryHandler.m */; };
		C38E89C41B9705D500790752 /* DataBinaryModel.m in Sources */ = {isa = PBXBuildFile; fileRef = C38E899C1B9705D500790752 /* DataBinaryModel.m */; };
		C38E89C51B9705D500790752 /* ElementHandler.m in Sources */ = {isa = PBXBuildFile; fileRef = C38E899F1B9705D500790752 /* ElementHandler.m */; };
		C38E89C61B9705D500790752 /* ElementModel.m in Sources */ = {isa = PBXBuildFile; fileRef = C38E89A11B9705D500790752 /* ElementModel.m */; };
		C38E89C71B9705D500790752 /* FormHandler.m in Sources */ = {isa = PBXBuildFile; fileRef = C38E89A41B9705D500790752 /* FormHandler.m */; };
		C38E89C81B9705D500790752 /* FormModel.m in Sources */ = {isa = PBXBuildFile; fileRef = C38E89A61B9705D500790752 /* FormModel.m */; };
		C38E89C91B9705D500790752 /* FormSectionHandler.m in Sources */ = {isa = PBXBuildFile; fileRef = C38E89A91B9705D500790752 /* FormSectionHandler.m */; };
		C38E89CA1B9705D500790752 /* FormSectionModel.m in Sources */ = {isa = PBXBuildFile; fileRef = C38E89AB1B9705D500790752 /* FormSectionModel.m */; };
		C38E89CB1B9705D500790752 /* LookUpHandler.m in Sources */ = {isa = PBXBuildFile; fileRef = C38E89AE1B9705D500790752 /* LookUpHandler.m */; };
		C38E89CC1B9705D500790752 /* LookUpModel.m in Sources */ = {isa = PBXBuildFile; fileRef = C38E89B01B9705D500790752 /* LookUpModel.m */; };
		C38E89CD1B9705D500790752 /* RecordHandler.m in Sources */ = {isa = PBXBuildFile; fileRef = C38E89B31B9705D500790752 /* RecordHandler.m */; };
		C38E89CE1B9705D500790752 /* RecordModel.m in Sources */ = {isa = PBXBuildFile; fileRef = C38E89B51B9705D500790752 /* RecordModel.m */; };
		C38E89CF1B9705D500790752 /* SubElementHandler.m in Sources */ = {isa = PBXBuildFile; fileRef = C38E89B81B9705D500790752 /* SubElementHandler.m */; };
		C38E89D01B9705D500790752 /* SubElementModel.m in Sources */ = {isa = PBXBuildFile; fileRef = C38E89BA1B9705D500790752 /* SubElementModel.m */; };
		C39F5EDC1BEB62B60010F252 /* ECHttpClient.m in Sources */ = {isa = PBXBuildFile; fileRef = C39F5ED71BEB62B60010F252 /* ECHttpClient.m */; };
		C39F5EDD1BEB62B60010F252 /* ECHttpResponseModel.m in Sources */ = {isa = PBXBuildFile; fileRef = C39F5ED91BEB62B60010F252 /* ECHttpResponseModel.m */; };
		C39F5EDE1BEB62B60010F252 /* ECSyncManager.m in Sources */ = {isa = PBXBuildFile; fileRef = C39F5EDB1BEB62B60010F252 /* ECSyncManager.m */; };
		C3AE7E4D1BA0C99800E8C126 /* ExistingCertificateTableViewCell.m in Sources */ = {isa = PBXBuildFile; fileRef = C3AE7E4C1BA0C99800E8C126 /* ExistingCertificateTableViewCell.m */; };
		C3C6EC861BCD199D00973895 /* KeyBoardTableView.m in Sources */ = {isa = PBXBuildFile; fileRef = C3C6EC851BCD199D00973895 /* KeyBoardTableView.m */; };
		C3D722681BD0E79100820881 /* Everycert.sqlite in Resources */ = {isa = PBXBuildFile; fileRef = C3D722671BD0E79100820881 /* Everycert.sqlite */; };
		C3D7226C1BD10F3D00820881 /* AFHTTPRequestOperation+EveryCertAdditions.m in Sources */ = {isa = PBXBuildFile; fileRef = C3D7226B1BD10F3D00820881 /* AFHTTPRequestOperation+EveryCertAdditions.m */; };
		C3DA80B01BB95C6A00384F50 /* LookupSearchViewController.m in Sources */ = {isa = PBXBuildFile; fileRef = C3DA80AF1BB95C6A00384F50 /* LookupSearchViewController.m */; };
		C3DA80B31BB966D400384F50 /* LookupRecordTableViewCell.m in Sources */ = {isa = PBXBuildFile; fileRef = C3DA80B21BB966D400384F50 /* LookupRecordTableViewCell.m */; };
		C3E441751BA059180020700F /* FormTypeTableViewCell.m in Sources */ = {isa = PBXBuildFile; fileRef = C3E441741BA059180020700F /* FormTypeTableViewCell.m */; };
		C3E441781BA06D2F0020700F /* FormSectionTableViewCell.m in Sources */ = {isa = PBXBuildFile; fileRef = C3E441771BA06D2F0020700F /* FormSectionTableViewCell.m */; };
		C3EEB94E1BB2E5050090C4B0 /* ElementTableView.m in Sources */ = {isa = PBXBuildFile; fileRef = C3EEB94B1BB2E5050090C4B0 /* ElementTableView.m */; };
		C3EEB94F1BB2E5050090C4B0 /* ElementTableViewCell.m in Sources */ = {isa = PBXBuildFile; fileRef = C3EEB94D1BB2E5050090C4B0 /* ElementTableViewCell.m */; };
		C3EEB9551BB2E5B80090C4B0 /* LineElementCell.m in Sources */ = {isa = PBXBuildFile; fileRef = C3EEB9531BB2E5B80090C4B0 /* LineElementCell.m */; };
		C3EEB9561BB2E5B80090C4B0 /* LineElementCell.xib in Resources */ = {isa = PBXBuildFile; fileRef = C3EEB9541BB2E5B80090C4B0 /* LineElementCell.xib */; };
		C3EEB97E1BB2E7040090C4B0 /* UIView+Extension.m in Sources */ = {isa = PBXBuildFile; fileRef = C3EEB95C1BB2E7040090C4B0 /* UIView+Extension.m */; };
		C3EEB97F1BB2E7040090C4B0 /* CommonUtils.m in Sources */ = {isa = PBXBuildFile; fileRef = C3EEB95F1BB2E7040090C4B0 /* CommonUtils.m */; };
		C3EEB9801BB2E7040090C4B0 /* Constant.m in Sources */ = {isa = PBXBuildFile; fileRef = C3EEB9621BB2E7040090C4B0 /* Constant.m */; };
		C3EEB9871BB2E7040090C4B0 /* DrawingPDF.m in Sources */ = {isa = PBXBuildFile; fileRef = C3EEB9741BB2E7040090C4B0 /* DrawingPDF.m */; };
		C3EEB9881BB2E7040090C4B0 /* KeyBoardScrollView.m in Sources */ = {isa = PBXBuildFile; fileRef = C3EEB9771BB2E7040090C4B0 /* KeyBoardScrollView.m */; };
		C3EEB9901BB2E8060090C4B0 /* PhotoElementCell.m in Sources */ = {isa = PBXBuildFile; fileRef = C3EEB98E1BB2E8060090C4B0 /* PhotoElementCell.m */; };
		C3EEB9911BB2E8060090C4B0 /* PhotoElementCell.xib in Resources */ = {isa = PBXBuildFile; fileRef = C3EEB98F1BB2E8060090C4B0 /* PhotoElementCell.xib */; };
		C3EEB9971BB2E8BC0090C4B0 /* SearchElementCell.m in Sources */ = {isa = PBXBuildFile; fileRef = C3EEB9961BB2E8BC0090C4B0 /* SearchElementCell.m */; };
		C3EEB9991BB2E8F90090C4B0 /* SearchElementCell.xib in Resources */ = {isa = PBXBuildFile; fileRef = C3EEB9981BB2E8F90090C4B0 /* SearchElementCell.xib */; };
		C3EEB99C1BB2EB640090C4B0 /* PickerElementCell.m in Sources */ = {isa = PBXBuildFile; fileRef = C3EEB99B1BB2EB640090C4B0 /* PickerElementCell.m */; };
		C3EEB99E1BB2EB710090C4B0 /* PickerElementCell.xib in Resources */ = {isa = PBXBuildFile; fileRef = C3EEB99D1BB2EB710090C4B0 /* PickerElementCell.xib */; };
		C3F6260A1BB7B41300B3C92E /* ExistingCertsListViewController.m in Sources */ = {isa = PBXBuildFile; fileRef = C3F626091BB7B41300B3C92E /* ExistingCertsListViewController.m */; };
		C3F6260D1BB7B86B00B3C92E /* CertificatePreviewViewController.m in Sources */ = {isa = PBXBuildFile; fileRef = C3F6260C1BB7B86B00B3C92E /* CertificatePreviewViewController.m */; };
		C3FFB4371B9B36180089A0B2 /* PickListElementCell.xib in Resources */ = {isa = PBXBuildFile; fileRef = C3FFB4341B9B36180089A0B2 /* PickListElementCell.xib */; };
		C3FFB4381B9B36180089A0B2 /* PickListElementCell.m in Sources */ = {isa = PBXBuildFile; fileRef = C3FFB4361B9B36180089A0B2 /* PickListElementCell.m */; };
		C3FFB43C1B9B3CF40089A0B2 /* SignatureElementCell.xib in Resources */ = {isa = PBXBuildFile; fileRef = C3FFB4391B9B3CF40089A0B2 /* SignatureElementCell.xib */; };
		C3FFB43D1B9B3CF40089A0B2 /* SignatureElementCell.m in Sources */ = {isa = PBXBuildFile; fileRef = C3FFB43B1B9B3CF40089A0B2 /* SignatureElementCell.m */; };
		C3FFB4411B9B6FC30089A0B2 /* RadioButtonElementCell.m in Sources */ = {isa = PBXBuildFile; fileRef = C3FFB43E1B9B6FC30089A0B2 /* RadioButtonElementCell.m */; };
		C3FFB4421B9B6FC30089A0B2 /* RadioButtonElementCell.xib in Resources */ = {isa = PBXBuildFile; fileRef = C3FFB43F1B9B6FC30089A0B2 /* RadioButtonElementCell.xib */; };
		EE03492786B694A39B474685 /* libPods.a in Frameworks */ = {isa = PBXBuildFile; fileRef = 6BDC13634B5A75B79FB745AC /* libPods.a */; };
/* End PBXBuildFile section */

/* Begin PBXContainerItemProxy section */
		77DC23DF1B6F4A9600624211 /* PBXContainerItemProxy */ = {
			isa = PBXContainerItemProxy;
			containerPortal = 77DC23BD1B6F4A9500624211 /* Project object */;
			proxyType = 1;
			remoteGlobalIDString = 77DC23C41B6F4A9500624211;
			remoteInfo = EveryCert;
		};
/* End PBXContainerItemProxy section */

/* Begin PBXFileReference section */
		4EE41FB74DDDF2865D00F8CF /* Pods.debug.xcconfig */ = {isa = PBXFileReference; includeInIndex = 1; lastKnownFileType = text.xcconfig; name = Pods.debug.xcconfig; path = "Pods/Target Support Files/Pods/Pods.debug.xcconfig"; sourceTree = "<group>"; };
		5A067339331CE3E7D6EA518F /* Pods.release.xcconfig */ = {isa = PBXFileReference; includeInIndex = 1; lastKnownFileType = text.xcconfig; name = Pods.release.xcconfig; path = "Pods/Target Support Files/Pods/Pods.release.xcconfig"; sourceTree = "<group>"; };
		6BDC13634B5A75B79FB745AC /* libPods.a */ = {isa = PBXFileReference; explicitFileType = archive.ar; includeInIndex = 0; path = libPods.a; sourceTree = BUILT_PRODUCTS_DIR; };
		775C73871BE0A73E004CE738 /* FormPreviewViewController.h */ = {isa = PBXFileReference; fileEncoding = 4; lastKnownFileType = sourcecode.c.h; name = FormPreviewViewController.h; path = FormPreview/FormPreviewViewController.h; sourceTree = "<group>"; };
		775C73881BE0A73E004CE738 /* FormPreviewViewController.m */ = {isa = PBXFileReference; fileEncoding = 4; lastKnownFileType = sourcecode.c.objc; name = FormPreviewViewController.m; path = FormPreview/FormPreviewViewController.m; sourceTree = "<group>"; };
		779637A61B747CDF0001ADC2 /* libsqlite3.0.dylib */ = {isa = PBXFileReference; lastKnownFileType = "compiled.mach-o.dylib"; name = libsqlite3.0.dylib; path = usr/lib/libsqlite3.0.dylib; sourceTree = SDKROOT; };
		779A9D4F1B7C7D0700D86FED /* LookupElementCell.h */ = {isa = PBXFileReference; fileEncoding = 4; lastKnownFileType = sourcecode.c.h; path = LookupElementCell.h; sourceTree = "<group>"; };
		779A9D501B7C7D0700D86FED /* LookupElementCell.m */ = {isa = PBXFileReference; fileEncoding = 4; lastKnownFileType = sourcecode.c.objc; path = LookupElementCell.m; sourceTree = "<group>"; };
		779A9D511B7C7D0700D86FED /* LookupElementCell.xib */ = {isa = PBXFileReference; fileEncoding = 4; lastKnownFileType = file.xib; path = LookupElementCell.xib; sourceTree = "<group>"; };
		779A9D581B7C7D0700D86FED /* PickListViewController.h */ = {isa = PBXFileReference; fileEncoding = 4; lastKnownFileType = sourcecode.c.h; path = PickListViewController.h; sourceTree = "<group>"; };
		779A9D591B7C7D0700D86FED /* PickListViewController.m */ = {isa = PBXFileReference; fileEncoding = 4; lastKnownFileType = sourcecode.c.objc; path = PickListViewController.m; sourceTree = "<group>"; };
		779A9D5A1B7C7D0700D86FED /* PickListViewController.xib */ = {isa = PBXFileReference; fileEncoding = 4; lastKnownFileType = file.xib; path = PickListViewController.xib; sourceTree = "<group>"; };
		779A9D611B7C7D0700D86FED /* RadioButtonView.h */ = {isa = PBXFileReference; fileEncoding = 4; lastKnownFileType = sourcecode.c.h; path = RadioButtonView.h; sourceTree = "<group>"; };
		779A9D621B7C7D0700D86FED /* RadioButtonView.m */ = {isa = PBXFileReference; fileEncoding = 4; lastKnownFileType = sourcecode.c.objc; path = RadioButtonView.m; sourceTree = "<group>"; };
		779A9D651B7C7D0700D86FED /* SignatureDrawingView.h */ = {isa = PBXFileReference; fileEncoding = 4; lastKnownFileType = sourcecode.c.h; path = SignatureDrawingView.h; sourceTree = "<group>"; };
		779A9D661B7C7D0700D86FED /* SignatureDrawingView.m */ = {isa = PBXFileReference; fileEncoding = 4; lastKnownFileType = sourcecode.c.objc; path = SignatureDrawingView.m; sourceTree = "<group>"; };
		779A9D6C1B7C7D0700D86FED /* SignatureViewController.h */ = {isa = PBXFileReference; fileEncoding = 4; lastKnownFileType = sourcecode.c.h; path = SignatureViewController.h; sourceTree = "<group>"; };
		779A9D6D1B7C7D0700D86FED /* SignatureViewController.m */ = {isa = PBXFileReference; fileEncoding = 4; lastKnownFileType = sourcecode.c.objc; path = SignatureViewController.m; sourceTree = "<group>"; };
		779A9D6E1B7C7D0700D86FED /* SignatureViewController.xib */ = {isa = PBXFileReference; fileEncoding = 4; lastKnownFileType = file.xib; path = SignatureViewController.xib; sourceTree = "<group>"; };
		779A9D701B7C7D0700D86FED /* SubElementCell.h */ = {isa = PBXFileReference; fileEncoding = 4; lastKnownFileType = sourcecode.c.h; path = SubElementCell.h; sourceTree = "<group>"; };
		779A9D711B7C7D0700D86FED /* SubElementCell.m */ = {isa = PBXFileReference; fileEncoding = 4; lastKnownFileType = sourcecode.c.objc; path = SubElementCell.m; sourceTree = "<group>"; };
		779A9D721B7C7D0700D86FED /* SubElementCell.xib */ = {isa = PBXFileReference; fileEncoding = 4; lastKnownFileType = file.xib; path = SubElementCell.xib; sourceTree = "<group>"; };
		779A9D741B7C7D0700D86FED /* TextFieldElementCell.h */ = {isa = PBXFileReference; fileEncoding = 4; lastKnownFileType = sourcecode.c.h; path = TextFieldElementCell.h; sourceTree = "<group>"; };
		779A9D751B7C7D0700D86FED /* TextFieldElementCell.m */ = {isa = PBXFileReference; fileEncoding = 4; lastKnownFileType = sourcecode.c.objc; path = TextFieldElementCell.m; sourceTree = "<group>"; };
		779A9D761B7C7D0700D86FED /* TextFieldElementCell.xib */ = {isa = PBXFileReference; fileEncoding = 4; lastKnownFileType = file.xib; path = TextFieldElementCell.xib; sourceTree = "<group>"; };
		779A9D781B7C7D0700D86FED /* TextLabelElementCell.h */ = {isa = PBXFileReference; fileEncoding = 4; lastKnownFileType = sourcecode.c.h; path = TextLabelElementCell.h; sourceTree = "<group>"; };
		779A9D791B7C7D0700D86FED /* TextLabelElementCell.m */ = {isa = PBXFileReference; fileEncoding = 4; lastKnownFileType = sourcecode.c.objc; path = TextLabelElementCell.m; sourceTree = "<group>"; };
		779A9D7A1B7C7D0700D86FED /* TextLabelElementCell.xib */ = {isa = PBXFileReference; fileEncoding = 4; lastKnownFileType = file.xib; path = TextLabelElementCell.xib; sourceTree = "<group>"; };
		779A9D7C1B7C7D0700D86FED /* TextViewElementCell.h */ = {isa = PBXFileReference; fileEncoding = 4; lastKnownFileType = sourcecode.c.h; path = TextViewElementCell.h; sourceTree = "<group>"; };
		779A9D7D1B7C7D0700D86FED /* TextViewElementCell.m */ = {isa = PBXFileReference; fileEncoding = 4; lastKnownFileType = sourcecode.c.objc; path = TextViewElementCell.m; sourceTree = "<group>"; };
		779A9D7E1B7C7D0700D86FED /* TextViewElementCell.xib */ = {isa = PBXFileReference; fileEncoding = 4; lastKnownFileType = file.xib; path = TextViewElementCell.xib; sourceTree = "<group>"; };
		779A9D801B7C7D0700D86FED /* TickBoxElementCell.h */ = {isa = PBXFileReference; fileEncoding = 4; lastKnownFileType = sourcecode.c.h; path = TickBoxElementCell.h; sourceTree = "<group>"; };
		779A9D811B7C7D0700D86FED /* TickBoxElementCell.m */ = {isa = PBXFileReference; fileEncoding = 4; lastKnownFileType = sourcecode.c.objc; path = TickBoxElementCell.m; sourceTree = "<group>"; };
		779A9D821B7C7D0700D86FED /* TickBoxElementCell.xib */ = {isa = PBXFileReference; fileEncoding = 4; lastKnownFileType = file.xib; path = TickBoxElementCell.xib; sourceTree = "<group>"; };
		779BD7D11BDF881200D090CB /* NewEverycertDB.sqlite */ = {isa = PBXFileReference; lastKnownFileType = file; path = NewEverycertDB.sqlite; sourceTree = "<group>"; };
		77C035BC1B789794009228F1 /* FormsListViewController.h */ = {isa = PBXFileReference; fileEncoding = 4; lastKnownFileType = sourcecode.c.h; name = FormsListViewController.h; path = EveryCert/src/Controller/FormList/FormsListViewController.h; sourceTree = SOURCE_ROOT; };
		77C035BD1B789794009228F1 /* FormsListViewController.m */ = {isa = PBXFileReference; fileEncoding = 4; lastKnownFileType = sourcecode.c.objc; name = FormsListViewController.m; path = EveryCert/src/Controller/FormList/FormsListViewController.m; sourceTree = SOURCE_ROOT; };
		77C035C01B7897E3009228F1 /* CertViewController.h */ = {isa = PBXFileReference; fileEncoding = 4; lastKnownFileType = sourcecode.c.h; path = CertViewController.h; sourceTree = "<group>"; };
		77C035C11B7897E3009228F1 /* CertViewController.m */ = {isa = PBXFileReference; fileEncoding = 4; lastKnownFileType = sourcecode.c.objc; path = CertViewController.m; sourceTree = "<group>"; };
		77DBB9141B6F553900F02932 /* AppDelegate.h */ = {isa = PBXFileReference; fileEncoding = 4; lastKnownFileType = sourcecode.c.h; path = AppDelegate.h; sourceTree = "<group>"; };
		77DBB9151B6F553900F02932 /* AppDelegate.m */ = {isa = PBXFileReference; fileEncoding = 4; lastKnownFileType = sourcecode.c.objc; path = AppDelegate.m; sourceTree = "<group>"; };
		77DBB9191B6F555C00F02932 /* LaunchScreen.xib */ = {isa = PBXFileReference; fileEncoding = 4; lastKnownFileType = file.xib; path = LaunchScreen.xib; sourceTree = "<group>"; };
		77DBB91A1B6F555C00F02932 /* Main.storyboard */ = {isa = PBXFileReference; fileEncoding = 4; lastKnownFileType = file.storyboard; path = Main.storyboard; sourceTree = "<group>"; };
		77DBB91D1B6F560600F02932 /* LoginViewController.h */ = {isa = PBXFileReference; fileEncoding = 4; lastKnownFileType = sourcecode.c.h; path = LoginViewController.h; sourceTree = "<group>"; };
		77DBB91E1B6F560600F02932 /* LoginViewController.m */ = {isa = PBXFileReference; fileEncoding = 4; lastKnownFileType = sourcecode.c.objc; path = LoginViewController.m; sourceTree = "<group>"; };
		77DBB9201B6F562100F02932 /* MenuViewController.h */ = {isa = PBXFileReference; fileEncoding = 4; lastKnownFileType = sourcecode.c.h; path = MenuViewController.h; sourceTree = "<group>"; };
		77DBB9211B6F562100F02932 /* MenuViewController.m */ = {isa = PBXFileReference; fileEncoding = 4; lastKnownFileType = sourcecode.c.objc; path = MenuViewController.m; sourceTree = "<group>"; };
		77DBB9231B6F563500F02932 /* RegistrationViewController.h */ = {isa = PBXFileReference; fileEncoding = 4; lastKnownFileType = sourcecode.c.h; path = RegistrationViewController.h; sourceTree = "<group>"; };
		77DBB9241B6F563500F02932 /* RegistrationViewController.m */ = {isa = PBXFileReference; fileEncoding = 4; lastKnownFileType = sourcecode.c.objc; path = RegistrationViewController.m; sourceTree = "<group>"; };
		77DBB9351B6F60C300F02932 /* SettingViewController.h */ = {isa = PBXFileReference; fileEncoding = 4; lastKnownFileType = sourcecode.c.h; path = SettingViewController.h; sourceTree = "<group>"; };
		77DBB9361B6F60C300F02932 /* SettingViewController.m */ = {isa = PBXFileReference; fileEncoding = 4; lastKnownFileType = sourcecode.c.objc; path = SettingViewController.m; sourceTree = "<group>"; };
		77DC23C51B6F4A9600624211 /* EveryCert.app */ = {isa = PBXFileReference; explicitFileType = wrapper.application; includeInIndex = 0; path = EveryCert.app; sourceTree = BUILT_PRODUCTS_DIR; };
		77DC23C91B6F4A9600624211 /* Info.plist */ = {isa = PBXFileReference; lastKnownFileType = text.plist.xml; path = Info.plist; sourceTree = "<group>"; };
		77DC23CA1B6F4A9600624211 /* main.m */ = {isa = PBXFileReference; lastKnownFileType = sourcecode.c.objc; path = main.m; sourceTree = "<group>"; };
		77DC23D51B6F4A9600624211 /* Images.xcassets */ = {isa = PBXFileReference; lastKnownFileType = folder.assetcatalog; name = Images.xcassets; path = ../Images.xcassets; sourceTree = "<group>"; };
		77DC23DE1B6F4A9600624211 /* EveryCertTests.xctest */ = {isa = PBXFileReference; explicitFileType = wrapper.cfbundle; includeInIndex = 0; path = EveryCertTests.xctest; sourceTree = BUILT_PRODUCTS_DIR; };
		77DC23E31B6F4A9600624211 /* Info.plist */ = {isa = PBXFileReference; lastKnownFileType = text.plist.xml; path = Info.plist; sourceTree = "<group>"; };
		77DC23E41B6F4A9600624211 /* EveryCertTests.m */ = {isa = PBXFileReference; lastKnownFileType = sourcecode.c.objc; path = EveryCertTests.m; sourceTree = "<group>"; };
		77F8E4AB1B82220600C214A4 /* Everycert.sql */ = {isa = PBXFileReference; fileEncoding = 4; lastKnownFileType = text; path = Everycert.sql; sourceTree = "<group>"; };
		C31AA8A31BCF8F5B007FF9B9 /* FMDBDataSource.h */ = {isa = PBXFileReference; fileEncoding = 4; lastKnownFileType = sourcecode.c.h; path = FMDBDataSource.h; sourceTree = "<group>"; };
		C31AA8A41BCF8F5B007FF9B9 /* FMDBDataSource.m */ = {isa = PBXFileReference; fileEncoding = 4; lastKnownFileType = sourcecode.c.objc; path = FMDBDataSource.m; sourceTree = "<group>"; };
		C34301F71B9832FD007AC6BB /* EverycertWithData.sqlite */ = {isa = PBXFileReference; lastKnownFileType = file; path = EverycertWithData.sqlite; sourceTree = "<group>"; };
		C38E89851B9705D500790752 /* CertificateHandler.h */ = {isa = PBXFileReference; fileEncoding = 4; lastKnownFileType = sourcecode.c.h; path = CertificateHandler.h; sourceTree = "<group>"; };
		C38E89861B9705D500790752 /* CertificateHandler.m */ = {isa = PBXFileReference; fileEncoding = 4; lastKnownFileType = sourcecode.c.objc; path = CertificateHandler.m; sourceTree = "<group>"; };
		C38E89871B9705D500790752 /* CertificateModel.h */ = {isa = PBXFileReference; fileEncoding = 4; lastKnownFileType = sourcecode.c.h; path = CertificateModel.h; sourceTree = "<group>"; };
		C38E89881B9705D500790752 /* CertificateModel.m */ = {isa = PBXFileReference; fileEncoding = 4; lastKnownFileType = sourcecode.c.objc; path = CertificateModel.m; sourceTree = "<group>"; };
		C38E898A1B9705D500790752 /* BaseHandler.h */ = {isa = PBXFileReference; fileEncoding = 4; lastKnownFileType = sourcecode.c.h; path = BaseHandler.h; sourceTree = "<group>"; };
		C38E898B1B9705D500790752 /* BaseHandler.m */ = {isa = PBXFileReference; fileEncoding = 4; lastKnownFileType = sourcecode.c.objc; path = BaseHandler.m; sourceTree = "<group>"; };
		C38E898C1B9705D500790752 /* BaseModel.h */ = {isa = PBXFileReference; fileEncoding = 4; lastKnownFileType = sourcecode.c.h; path = BaseModel.h; sourceTree = "<group>"; };
		C38E898D1B9705D500790752 /* BaseModel.m */ = {isa = PBXFileReference; fileEncoding = 4; lastKnownFileType = sourcecode.c.objc; path = BaseModel.m; sourceTree = "<group>"; };
		C38E898F1B9705D500790752 /* CompanyUserHandler.h */ = {isa = PBXFileReference; fileEncoding = 4; lastKnownFileType = sourcecode.c.h; path = CompanyUserHandler.h; sourceTree = "<group>"; };
		C38E89901B9705D500790752 /* CompanyUserHandler.m */ = {isa = PBXFileReference; fileEncoding = 4; lastKnownFileType = sourcecode.c.objc; path = CompanyUserHandler.m; sourceTree = "<group>"; };
		C38E89911B9705D500790752 /* CompanyUserModel.h */ = {isa = PBXFileReference; fileEncoding = 4; lastKnownFileType = sourcecode.c.h; path = CompanyUserModel.h; sourceTree = "<group>"; };
		C38E89921B9705D500790752 /* CompanyUserModel.m */ = {isa = PBXFileReference; fileEncoding = 4; lastKnownFileType = sourcecode.c.objc; path = CompanyUserModel.m; sourceTree = "<group>"; };
		C38E89941B9705D500790752 /* DataHandler.h */ = {isa = PBXFileReference; fileEncoding = 4; lastKnownFileType = sourcecode.c.h; path = DataHandler.h; sourceTree = "<group>"; };
		C38E89951B9705D500790752 /* DataHandler.m */ = {isa = PBXFileReference; fileEncoding = 4; lastKnownFileType = sourcecode.c.objc; path = DataHandler.m; sourceTree = "<group>"; };
		C38E89961B9705D500790752 /* DataModel.h */ = {isa = PBXFileReference; fileEncoding = 4; lastKnownFileType = sourcecode.c.h; path = DataModel.h; sourceTree = "<group>"; };
		C38E89971B9705D500790752 /* DataModel.m */ = {isa = PBXFileReference; fileEncoding = 4; lastKnownFileType = sourcecode.c.objc; path = DataModel.m; sourceTree = "<group>"; };
		C38E89991B9705D500790752 /* DataBinaryHandler.h */ = {isa = PBXFileReference; fileEncoding = 4; lastKnownFileType = sourcecode.c.h; path = DataBinaryHandler.h; sourceTree = "<group>"; };
		C38E899A1B9705D500790752 /* DataBinaryHandler.m */ = {isa = PBXFileReference; fileEncoding = 4; lastKnownFileType = sourcecode.c.objc; path = DataBinaryHandler.m; sourceTree = "<group>"; };
		C38E899B1B9705D500790752 /* DataBinaryModel.h */ = {isa = PBXFileReference; fileEncoding = 4; lastKnownFileType = sourcecode.c.h; path = DataBinaryModel.h; sourceTree = "<group>"; };
		C38E899C1B9705D500790752 /* DataBinaryModel.m */ = {isa = PBXFileReference; fileEncoding = 4; lastKnownFileType = sourcecode.c.objc; path = DataBinaryModel.m; sourceTree = "<group>"; };
		C38E899E1B9705D500790752 /* ElementHandler.h */ = {isa = PBXFileReference; fileEncoding = 4; lastKnownFileType = sourcecode.c.h; path = ElementHandler.h; sourceTree = "<group>"; };
		C38E899F1B9705D500790752 /* ElementHandler.m */ = {isa = PBXFileReference; fileEncoding = 4; lastKnownFileType = sourcecode.c.objc; path = ElementHandler.m; sourceTree = "<group>"; };
		C38E89A01B9705D500790752 /* ElementModel.h */ = {isa = PBXFileReference; fileEncoding = 4; lastKnownFileType = sourcecode.c.h; path = ElementModel.h; sourceTree = "<group>"; };
		C38E89A11B9705D500790752 /* ElementModel.m */ = {isa = PBXFileReference; fileEncoding = 4; lastKnownFileType = sourcecode.c.objc; path = ElementModel.m; sourceTree = "<group>"; };
		C38E89A31B9705D500790752 /* FormHandler.h */ = {isa = PBXFileReference; fileEncoding = 4; lastKnownFileType = sourcecode.c.h; path = FormHandler.h; sourceTree = "<group>"; };
		C38E89A41B9705D500790752 /* FormHandler.m */ = {isa = PBXFileReference; fileEncoding = 4; lastKnownFileType = sourcecode.c.objc; path = FormHandler.m; sourceTree = "<group>"; };
		C38E89A51B9705D500790752 /* FormModel.h */ = {isa = PBXFileReference; fileEncoding = 4; lastKnownFileType = sourcecode.c.h; path = FormModel.h; sourceTree = "<group>"; };
		C38E89A61B9705D500790752 /* FormModel.m */ = {isa = PBXFileReference; fileEncoding = 4; lastKnownFileType = sourcecode.c.objc; path = FormModel.m; sourceTree = "<group>"; };
		C38E89A81B9705D500790752 /* FormSectionHandler.h */ = {isa = PBXFileReference; fileEncoding = 4; lastKnownFileType = sourcecode.c.h; path = FormSectionHandler.h; sourceTree = "<group>"; };
		C38E89A91B9705D500790752 /* FormSectionHandler.m */ = {isa = PBXFileReference; fileEncoding = 4; lastKnownFileType = sourcecode.c.objc; path = FormSectionHandler.m; sourceTree = "<group>"; };
		C38E89AA1B9705D500790752 /* FormSectionModel.h */ = {isa = PBXFileReference; fileEncoding = 4; lastKnownFileType = sourcecode.c.h; path = FormSectionModel.h; sourceTree = "<group>"; };
		C38E89AB1B9705D500790752 /* FormSectionModel.m */ = {isa = PBXFileReference; fileEncoding = 4; lastKnownFileType = sourcecode.c.objc; path = FormSectionModel.m; sourceTree = "<group>"; };
		C38E89AD1B9705D500790752 /* LookUpHandler.h */ = {isa = PBXFileReference; fileEncoding = 4; lastKnownFileType = sourcecode.c.h; path = LookUpHandler.h; sourceTree = "<group>"; };
		C38E89AE1B9705D500790752 /* LookUpHandler.m */ = {isa = PBXFileReference; fileEncoding = 4; lastKnownFileType = sourcecode.c.objc; path = LookUpHandler.m; sourceTree = "<group>"; };
		C38E89AF1B9705D500790752 /* LookUpModel.h */ = {isa = PBXFileReference; fileEncoding = 4; lastKnownFileType = sourcecode.c.h; path = LookUpModel.h; sourceTree = "<group>"; };
		C38E89B01B9705D500790752 /* LookUpModel.m */ = {isa = PBXFileReference; fileEncoding = 4; lastKnownFileType = sourcecode.c.objc; path = LookUpModel.m; sourceTree = "<group>"; };
		C38E89B21B9705D500790752 /* RecordHandler.h */ = {isa = PBXFileReference; fileEncoding = 4; lastKnownFileType = sourcecode.c.h; path = RecordHandler.h; sourceTree = "<group>"; };
		C38E89B31B9705D500790752 /* RecordHandler.m */ = {isa = PBXFileReference; fileEncoding = 4; lastKnownFileType = sourcecode.c.objc; path = RecordHandler.m; sourceTree = "<group>"; };
		C38E89B41B9705D500790752 /* RecordModel.h */ = {isa = PBXFileReference; fileEncoding = 4; lastKnownFileType = sourcecode.c.h; path = RecordModel.h; sourceTree = "<group>"; };
		C38E89B51B9705D500790752 /* RecordModel.m */ = {isa = PBXFileReference; fileEncoding = 4; lastKnownFileType = sourcecode.c.objc; path = RecordModel.m; sourceTree = "<group>"; };
		C38E89B71B9705D500790752 /* SubElementHandler.h */ = {isa = PBXFileReference; fileEncoding = 4; lastKnownFileType = sourcecode.c.h; path = SubElementHandler.h; sourceTree = "<group>"; };
		C38E89B81B9705D500790752 /* SubElementHandler.m */ = {isa = PBXFileReference; fileEncoding = 4; lastKnownFileType = sourcecode.c.objc; path = SubElementHandler.m; sourceTree = "<group>"; };
		C38E89B91B9705D500790752 /* SubElementModel.h */ = {isa = PBXFileReference; fileEncoding = 4; lastKnownFileType = sourcecode.c.h; path = SubElementModel.h; sourceTree = "<group>"; };
		C38E89BA1B9705D500790752 /* SubElementModel.m */ = {isa = PBXFileReference; fileEncoding = 4; lastKnownFileType = sourcecode.c.objc; path = SubElementModel.m; sourceTree = "<group>"; };
		C39F5ED61BEB62B60010F252 /* ECHttpClient.h */ = {isa = PBXFileReference; fileEncoding = 4; lastKnownFileType = sourcecode.c.h; path = ECHttpClient.h; sourceTree = "<group>"; };
		C39F5ED71BEB62B60010F252 /* ECHttpClient.m */ = {isa = PBXFileReference; fileEncoding = 4; lastKnownFileType = sourcecode.c.objc; path = ECHttpClient.m; sourceTree = "<group>"; };
		C39F5ED81BEB62B60010F252 /* ECHTTPResponseModel.h */ = {isa = PBXFileReference; fileEncoding = 4; lastKnownFileType = sourcecode.c.h; path = ECHTTPResponseModel.h; sourceTree = "<group>"; };
		C39F5ED91BEB62B60010F252 /* ECHttpResponseModel.m */ = {isa = PBXFileReference; fileEncoding = 4; lastKnownFileType = sourcecode.c.objc; path = ECHttpResponseModel.m; sourceTree = "<group>"; };
		C39F5EDA1BEB62B60010F252 /* ECSyncManager.h */ = {isa = PBXFileReference; fileEncoding = 4; lastKnownFileType = sourcecode.c.h; path = ECSyncManager.h; sourceTree = "<group>"; };
		C39F5EDB1BEB62B60010F252 /* ECSyncManager.m */ = {isa = PBXFileReference; fileEncoding = 4; lastKnownFileType = sourcecode.c.objc; path = ECSyncManager.m; sourceTree = "<group>"; };
		C3AE7E4B1BA0C99800E8C126 /* ExistingCertificateTableViewCell.h */ = {isa = PBXFileReference; fileEncoding = 4; lastKnownFileType = sourcecode.c.h; path = ExistingCertificateTableViewCell.h; sourceTree = "<group>"; };
		C3AE7E4C1BA0C99800E8C126 /* ExistingCertificateTableViewCell.m */ = {isa = PBXFileReference; fileEncoding = 4; lastKnownFileType = sourcecode.c.objc; path = ExistingCertificateTableViewCell.m; sourceTree = "<group>"; };
		C3C6EC841BCD199D00973895 /* KeyBoardTableView.h */ = {isa = PBXFileReference; fileEncoding = 4; lastKnownFileType = sourcecode.c.h; path = KeyBoardTableView.h; sourceTree = "<group>"; };
		C3C6EC851BCD199D00973895 /* KeyBoardTableView.m */ = {isa = PBXFileReference; fileEncoding = 4; lastKnownFileType = sourcecode.c.objc; path = KeyBoardTableView.m; sourceTree = "<group>"; };
		C3D722671BD0E79100820881 /* Everycert.sqlite */ = {isa = PBXFileReference; lastKnownFileType = file; path = Everycert.sqlite; sourceTree = "<group>"; };
		C3D722691BD10F1A00820881 /* AFHTTPRequestOperation_EveryCertExtension.h */ = {isa = PBXFileReference; fileEncoding = 4; lastKnownFileType = sourcecode.c.h; path = AFHTTPRequestOperation_EveryCertExtension.h; sourceTree = "<group>"; };
		C3D7226A1BD10F3D00820881 /* AFHTTPRequestOperation+EveryCertAdditions.h */ = {isa = PBXFileReference; fileEncoding = 4; lastKnownFileType = sourcecode.c.h; path = "AFHTTPRequestOperation+EveryCertAdditions.h"; sourceTree = "<group>"; };
		C3D7226B1BD10F3D00820881 /* AFHTTPRequestOperation+EveryCertAdditions.m */ = {isa = PBXFileReference; fileEncoding = 4; lastKnownFileType = sourcecode.c.objc; path = "AFHTTPRequestOperation+EveryCertAdditions.m"; sourceTree = "<group>"; };
		C3DA80AE1BB95C6A00384F50 /* LookupSearchViewController.h */ = {isa = PBXFileReference; fileEncoding = 4; lastKnownFileType = sourcecode.c.h; path = LookupSearchViewController.h; sourceTree = "<group>"; };
		C3DA80AF1BB95C6A00384F50 /* LookupSearchViewController.m */ = {isa = PBXFileReference; fileEncoding = 4; lastKnownFileType = sourcecode.c.objc; path = LookupSearchViewController.m; sourceTree = "<group>"; };
		C3DA80B11BB966D400384F50 /* LookupRecordTableViewCell.h */ = {isa = PBXFileReference; fileEncoding = 4; lastKnownFileType = sourcecode.c.h; path = LookupRecordTableViewCell.h; sourceTree = "<group>"; };
		C3DA80B21BB966D400384F50 /* LookupRecordTableViewCell.m */ = {isa = PBXFileReference; fileEncoding = 4; lastKnownFileType = sourcecode.c.objc; path = LookupRecordTableViewCell.m; sourceTree = "<group>"; };
		C3E441731BA059180020700F /* FormTypeTableViewCell.h */ = {isa = PBXFileReference; fileEncoding = 4; lastKnownFileType = sourcecode.c.h; name = FormTypeTableViewCell.h; path = EveryCert/src/Controller/FormList/FormTypeTableViewCell.h; sourceTree = SOURCE_ROOT; };
		C3E441741BA059180020700F /* FormTypeTableViewCell.m */ = {isa = PBXFileReference; fileEncoding = 4; lastKnownFileType = sourcecode.c.objc; name = FormTypeTableViewCell.m; path = EveryCert/src/Controller/FormList/FormTypeTableViewCell.m; sourceTree = SOURCE_ROOT; };
		C3E441761BA06D2F0020700F /* FormSectionTableViewCell.h */ = {isa = PBXFileReference; fileEncoding = 4; lastKnownFileType = sourcecode.c.h; path = FormSectionTableViewCell.h; sourceTree = "<group>"; };
		C3E441771BA06D2F0020700F /* FormSectionTableViewCell.m */ = {isa = PBXFileReference; fileEncoding = 4; lastKnownFileType = sourcecode.c.objc; path = FormSectionTableViewCell.m; sourceTree = "<group>"; };
		C3EEB94A1BB2E5050090C4B0 /* ElementTableView.h */ = {isa = PBXFileReference; fileEncoding = 4; lastKnownFileType = sourcecode.c.h; path = ElementTableView.h; sourceTree = "<group>"; };
		C3EEB94B1BB2E5050090C4B0 /* ElementTableView.m */ = {isa = PBXFileReference; fileEncoding = 4; lastKnownFileType = sourcecode.c.objc; path = ElementTableView.m; sourceTree = "<group>"; };
		C3EEB94C1BB2E5050090C4B0 /* ElementTableViewCell.h */ = {isa = PBXFileReference; fileEncoding = 4; lastKnownFileType = sourcecode.c.h; path = ElementTableViewCell.h; sourceTree = "<group>"; };
		C3EEB94D1BB2E5050090C4B0 /* ElementTableViewCell.m */ = {isa = PBXFileReference; fileEncoding = 4; lastKnownFileType = sourcecode.c.objc; path = ElementTableViewCell.m; sourceTree = "<group>"; };
		C3EEB9521BB2E5B80090C4B0 /* LineElementCell.h */ = {isa = PBXFileReference; fileEncoding = 4; lastKnownFileType = sourcecode.c.h; path = LineElementCell.h; sourceTree = "<group>"; };
		C3EEB9531BB2E5B80090C4B0 /* LineElementCell.m */ = {isa = PBXFileReference; fileEncoding = 4; lastKnownFileType = sourcecode.c.objc; path = LineElementCell.m; sourceTree = "<group>"; };
		C3EEB9541BB2E5B80090C4B0 /* LineElementCell.xib */ = {isa = PBXFileReference; fileEncoding = 4; lastKnownFileType = file.xib; path = LineElementCell.xib; sourceTree = "<group>"; };
		C3EEB95B1BB2E7040090C4B0 /* UIView+Extension.h */ = {isa = PBXFileReference; fileEncoding = 4; lastKnownFileType = sourcecode.c.h; path = "UIView+Extension.h"; sourceTree = "<group>"; };
		C3EEB95C1BB2E7040090C4B0 /* UIView+Extension.m */ = {isa = PBXFileReference; fileEncoding = 4; lastKnownFileType = sourcecode.c.objc; path = "UIView+Extension.m"; sourceTree = "<group>"; };
		C3EEB95E1BB2E7040090C4B0 /* CommonUtils.h */ = {isa = PBXFileReference; fileEncoding = 4; lastKnownFileType = sourcecode.c.h; path = CommonUtils.h; sourceTree = "<group>"; };
		C3EEB95F1BB2E7040090C4B0 /* CommonUtils.m */ = {isa = PBXFileReference; fileEncoding = 4; lastKnownFileType = sourcecode.c.objc; path = CommonUtils.m; sourceTree = "<group>"; };
		C3EEB9611BB2E7040090C4B0 /* Constant.h */ = {isa = PBXFileReference; fileEncoding = 4; lastKnownFileType = sourcecode.c.h; path = Constant.h; sourceTree = "<group>"; };
		C3EEB9621BB2E7040090C4B0 /* Constant.m */ = {isa = PBXFileReference; fileEncoding = 4; lastKnownFileType = sourcecode.c.objc; path = Constant.m; sourceTree = "<group>"; };
		C3EEB9731BB2E7040090C4B0 /* DrawingPDF.h */ = {isa = PBXFileReference; fileEncoding = 4; lastKnownFileType = sourcecode.c.h; path = DrawingPDF.h; sourceTree = "<group>"; };
		C3EEB9741BB2E7040090C4B0 /* DrawingPDF.m */ = {isa = PBXFileReference; fileEncoding = 4; lastKnownFileType = sourcecode.c.objc; path = DrawingPDF.m; sourceTree = "<group>"; };
		C3EEB9761BB2E7040090C4B0 /* KeyBoardScrollView.h */ = {isa = PBXFileReference; fileEncoding = 4; lastKnownFileType = sourcecode.c.h; path = KeyBoardScrollView.h; sourceTree = "<group>"; };
		C3EEB9771BB2E7040090C4B0 /* KeyBoardScrollView.m */ = {isa = PBXFileReference; fileEncoding = 4; lastKnownFileType = sourcecode.c.objc; path = KeyBoardScrollView.m; sourceTree = "<group>"; };
		C3EEB98D1BB2E8060090C4B0 /* PhotoElementCell.h */ = {isa = PBXFileReference; fileEncoding = 4; lastKnownFileType = sourcecode.c.h; path = PhotoElementCell.h; sourceTree = "<group>"; };
		C3EEB98E1BB2E8060090C4B0 /* PhotoElementCell.m */ = {isa = PBXFileReference; fileEncoding = 4; lastKnownFileType = sourcecode.c.objc; path = PhotoElementCell.m; sourceTree = "<group>"; };
		C3EEB98F1BB2E8060090C4B0 /* PhotoElementCell.xib */ = {isa = PBXFileReference; fileEncoding = 4; lastKnownFileType = file.xib; path = PhotoElementCell.xib; sourceTree = "<group>"; };
		C3EEB9951BB2E8BC0090C4B0 /* SearchElementCell.h */ = {isa = PBXFileReference; fileEncoding = 4; lastKnownFileType = sourcecode.c.h; path = SearchElementCell.h; sourceTree = "<group>"; };
		C3EEB9961BB2E8BC0090C4B0 /* SearchElementCell.m */ = {isa = PBXFileReference; fileEncoding = 4; lastKnownFileType = sourcecode.c.objc; path = SearchElementCell.m; sourceTree = "<group>"; };
		C3EEB9981BB2E8F90090C4B0 /* SearchElementCell.xib */ = {isa = PBXFileReference; fileEncoding = 4; lastKnownFileType = file.xib; path = SearchElementCell.xib; sourceTree = "<group>"; };
		C3EEB99A1BB2EB640090C4B0 /* PickerElementCell.h */ = {isa = PBXFileReference; fileEncoding = 4; lastKnownFileType = sourcecode.c.h; path = PickerElementCell.h; sourceTree = "<group>"; };
		C3EEB99B1BB2EB640090C4B0 /* PickerElementCell.m */ = {isa = PBXFileReference; fileEncoding = 4; lastKnownFileType = sourcecode.c.objc; path = PickerElementCell.m; sourceTree = "<group>"; };
		C3EEB99D1BB2EB710090C4B0 /* PickerElementCell.xib */ = {isa = PBXFileReference; fileEncoding = 4; lastKnownFileType = file.xib; path = PickerElementCell.xib; sourceTree = "<group>"; };
		C3F626081BB7B41300B3C92E /* ExistingCertsListViewController.h */ = {isa = PBXFileReference; fileEncoding = 4; lastKnownFileType = sourcecode.c.h; path = ExistingCertsListViewController.h; sourceTree = "<group>"; };
		C3F626091BB7B41300B3C92E /* ExistingCertsListViewController.m */ = {isa = PBXFileReference; fileEncoding = 4; lastKnownFileType = sourcecode.c.objc; path = ExistingCertsListViewController.m; sourceTree = "<group>"; };
		C3F6260B1BB7B86B00B3C92E /* CertificatePreviewViewController.h */ = {isa = PBXFileReference; fileEncoding = 4; lastKnownFileType = sourcecode.c.h; path = CertificatePreviewViewController.h; sourceTree = "<group>"; };
		C3F6260C1BB7B86B00B3C92E /* CertificatePreviewViewController.m */ = {isa = PBXFileReference; fileEncoding = 4; lastKnownFileType = sourcecode.c.objc; path = CertificatePreviewViewController.m; sourceTree = "<group>"; };
		C3FFB4341B9B36180089A0B2 /* PickListElementCell.xib */ = {isa = PBXFileReference; fileEncoding = 4; lastKnownFileType = file.xib; path = PickListElementCell.xib; sourceTree = "<group>"; };
		C3FFB4351B9B36180089A0B2 /* PickListElementCell.h */ = {isa = PBXFileReference; fileEncoding = 4; lastKnownFileType = sourcecode.c.h; path = PickListElementCell.h; sourceTree = "<group>"; };
		C3FFB4361B9B36180089A0B2 /* PickListElementCell.m */ = {isa = PBXFileReference; fileEncoding = 4; lastKnownFileType = sourcecode.c.objc; path = PickListElementCell.m; sourceTree = "<group>"; };
		C3FFB4391B9B3CF40089A0B2 /* SignatureElementCell.xib */ = {isa = PBXFileReference; fileEncoding = 4; lastKnownFileType = file.xib; path = SignatureElementCell.xib; sourceTree = "<group>"; };
		C3FFB43A1B9B3CF40089A0B2 /* SignatureElementCell.h */ = {isa = PBXFileReference; fileEncoding = 4; lastKnownFileType = sourcecode.c.h; path = SignatureElementCell.h; sourceTree = "<group>"; };
		C3FFB43B1B9B3CF40089A0B2 /* SignatureElementCell.m */ = {isa = PBXFileReference; fileEncoding = 4; lastKnownFileType = sourcecode.c.objc; path = SignatureElementCell.m; sourceTree = "<group>"; };
		C3FFB43E1B9B6FC30089A0B2 /* RadioButtonElementCell.m */ = {isa = PBXFileReference; fileEncoding = 4; lastKnownFileType = sourcecode.c.objc; path = RadioButtonElementCell.m; sourceTree = "<group>"; };
		C3FFB43F1B9B6FC30089A0B2 /* RadioButtonElementCell.xib */ = {isa = PBXFileReference; fileEncoding = 4; lastKnownFileType = file.xib; path = RadioButtonElementCell.xib; sourceTree = "<group>"; };
		C3FFB4401B9B6FC30089A0B2 /* RadioButtonElementCell.h */ = {isa = PBXFileReference; fileEncoding = 4; lastKnownFileType = sourcecode.c.h; path = RadioButtonElementCell.h; sourceTree = "<group>"; };
/* End PBXFileReference section */

/* Begin PBXFrameworksBuildPhase section */
		77DC23C21B6F4A9500624211 /* Frameworks */ = {
			isa = PBXFrameworksBuildPhase;
			buildActionMask = 2147483647;
			files = (
				779637A71B747CDF0001ADC2 /* libsqlite3.0.dylib in Frameworks */,
				EE03492786B694A39B474685 /* libPods.a in Frameworks */,
			);
			runOnlyForDeploymentPostprocessing = 0;
		};
		77DC23DB1B6F4A9600624211 /* Frameworks */ = {
			isa = PBXFrameworksBuildPhase;
			buildActionMask = 2147483647;
			files = (
			);
			runOnlyForDeploymentPostprocessing = 0;
		};
/* End PBXFrameworksBuildPhase section */

/* Begin PBXGroup section */
		4F693A4D2742AFE786D89141 /* Frameworks */ = {
			isa = PBXGroup;
			children = (
				6BDC13634B5A75B79FB745AC /* libPods.a */,
			);
			name = Frameworks;
			sourceTree = "<group>";
		};
		775C73861BE0A6A7004CE738 /* FormPreview */ = {
			isa = PBXGroup;
			children = (
				775C73871BE0A73E004CE738 /* FormPreviewViewController.h */,
				775C73881BE0A73E004CE738 /* FormPreviewViewController.m */,
			);
			name = FormPreview;
			sourceTree = "<group>";
		};
		778522F21B7378BD00EA8455 /* FormsList */ = {
			isa = PBXGroup;
			children = (
				77C035BC1B789794009228F1 /* FormsListViewController.h */,
				77C035BD1B789794009228F1 /* FormsListViewController.m */,
				C3E441731BA059180020700F /* FormTypeTableViewCell.h */,
				C3E441741BA059180020700F /* FormTypeTableViewCell.m */,
			);
			name = FormsList;
			path = Form;
			sourceTree = "<group>";
		};
		779637A81B747D400001ADC2 /* FrameWork */ = {
			isa = PBXGroup;
			children = (
				779637A61B747CDF0001ADC2 /* libsqlite3.0.dylib */,
			);
			name = FrameWork;
			path = src;
			sourceTree = "<group>";
		};
		779A9D481B7C7D0700D86FED /* Elements */ = {
			isa = PBXGroup;
			children = (
				C3EEB94A1BB2E5050090C4B0 /* ElementTableView.h */,
				C3EEB94B1BB2E5050090C4B0 /* ElementTableView.m */,
				C3EEB94C1BB2E5050090C4B0 /* ElementTableViewCell.h */,
				C3EEB94D1BB2E5050090C4B0 /* ElementTableViewCell.m */,
				C3EEB9581BB2E6010090C4B0 /* Search */,
				779A9D731B7C7D0700D86FED /* TextField */,
				779A9D7B1B7C7D0700D86FED /* TextView */,
				C3EEB9501BB2E5590090C4B0 /* Picker */,
				779A9D4E1B7C7D0700D86FED /* Lookup */,
				779A9D631B7C7D0700D86FED /* Signature */,
				779A9D521B7C7D0700D86FED /* PickList */,
				779A9D6F1B7C7D0700D86FED /* SubElement */,
				779A9D5B1B7C7D0700D86FED /* RadioButton */,
				C3EEB9511BB2E5B80090C4B0 /* Line */,
				779A9D7F1B7C7D0700D86FED /* TickBox */,
				779A9D771B7C7D0700D86FED /* TextLabel */,
				C3EEB9571BB2E6010090C4B0 /* Photo */,
			);
			path = Elements;
			sourceTree = "<group>";
		};
		779A9D4E1B7C7D0700D86FED /* Lookup */ = {
			isa = PBXGroup;
			children = (
				779A9D4F1B7C7D0700D86FED /* LookupElementCell.h */,
				779A9D501B7C7D0700D86FED /* LookupElementCell.m */,
				779A9D511B7C7D0700D86FED /* LookupElementCell.xib */,
			);
			path = Lookup;
			sourceTree = "<group>";
		};
		779A9D521B7C7D0700D86FED /* PickList */ = {
			isa = PBXGroup;
			children = (
				C3FFB4351B9B36180089A0B2 /* PickListElementCell.h */,
				C3FFB4361B9B36180089A0B2 /* PickListElementCell.m */,
				C3FFB4341B9B36180089A0B2 /* PickListElementCell.xib */,
				779A9D571B7C7D0700D86FED /* PickListViewController */,
			);
			path = PickList;
			sourceTree = "<group>";
		};
		779A9D571B7C7D0700D86FED /* PickListViewController */ = {
			isa = PBXGroup;
			children = (
				779A9D581B7C7D0700D86FED /* PickListViewController.h */,
				779A9D591B7C7D0700D86FED /* PickListViewController.m */,
				779A9D5A1B7C7D0700D86FED /* PickListViewController.xib */,
			);
			path = PickListViewController;
			sourceTree = "<group>";
		};
		779A9D5B1B7C7D0700D86FED /* RadioButton */ = {
			isa = PBXGroup;
			children = (
				C3FFB4401B9B6FC30089A0B2 /* RadioButtonElementCell.h */,
				C3FFB43E1B9B6FC30089A0B2 /* RadioButtonElementCell.m */,
				C3FFB43F1B9B6FC30089A0B2 /* RadioButtonElementCell.xib */,
				779A9D601B7C7D0700D86FED /* RadioButtonView */,
			);
			path = RadioButton;
			sourceTree = "<group>";
		};
		779A9D601B7C7D0700D86FED /* RadioButtonView */ = {
			isa = PBXGroup;
			children = (
				779A9D611B7C7D0700D86FED /* RadioButtonView.h */,
				779A9D621B7C7D0700D86FED /* RadioButtonView.m */,
			);
			path = RadioButtonView;
			sourceTree = "<group>";
		};
		779A9D631B7C7D0700D86FED /* Signature */ = {
			isa = PBXGroup;
			children = (
				C3FFB43A1B9B3CF40089A0B2 /* SignatureElementCell.h */,
				C3FFB43B1B9B3CF40089A0B2 /* SignatureElementCell.m */,
				C3FFB4391B9B3CF40089A0B2 /* SignatureElementCell.xib */,
				779A9D641B7C7D0700D86FED /* SignatureDrawingView */,
				779A9D6B1B7C7D0700D86FED /* SignatureViewController */,
			);
			path = Signature;
			sourceTree = "<group>";
		};
		779A9D641B7C7D0700D86FED /* SignatureDrawingView */ = {
			isa = PBXGroup;
			children = (
				779A9D651B7C7D0700D86FED /* SignatureDrawingView.h */,
				779A9D661B7C7D0700D86FED /* SignatureDrawingView.m */,
			);
			path = SignatureDrawingView;
			sourceTree = "<group>";
		};
		779A9D6B1B7C7D0700D86FED /* SignatureViewController */ = {
			isa = PBXGroup;
			children = (
				779A9D6C1B7C7D0700D86FED /* SignatureViewController.h */,
				779A9D6D1B7C7D0700D86FED /* SignatureViewController.m */,
				779A9D6E1B7C7D0700D86FED /* SignatureViewController.xib */,
			);
			path = SignatureViewController;
			sourceTree = "<group>";
		};
		779A9D6F1B7C7D0700D86FED /* SubElement */ = {
			isa = PBXGroup;
			children = (
				779A9D701B7C7D0700D86FED /* SubElementCell.h */,
				779A9D711B7C7D0700D86FED /* SubElementCell.m */,
				779A9D721B7C7D0700D86FED /* SubElementCell.xib */,
			);
			path = SubElement;
			sourceTree = "<group>";
		};
		779A9D731B7C7D0700D86FED /* TextField */ = {
			isa = PBXGroup;
			children = (
				779A9D741B7C7D0700D86FED /* TextFieldElementCell.h */,
				779A9D751B7C7D0700D86FED /* TextFieldElementCell.m */,
				779A9D761B7C7D0700D86FED /* TextFieldElementCell.xib */,
			);
			path = TextField;
			sourceTree = "<group>";
		};
		779A9D771B7C7D0700D86FED /* TextLabel */ = {
			isa = PBXGroup;
			children = (
				779A9D781B7C7D0700D86FED /* TextLabelElementCell.h */,
				779A9D791B7C7D0700D86FED /* TextLabelElementCell.m */,
				779A9D7A1B7C7D0700D86FED /* TextLabelElementCell.xib */,
			);
			path = TextLabel;
			sourceTree = "<group>";
		};
		779A9D7B1B7C7D0700D86FED /* TextView */ = {
			isa = PBXGroup;
			children = (
				779A9D7C1B7C7D0700D86FED /* TextViewElementCell.h */,
				779A9D7D1B7C7D0700D86FED /* TextViewElementCell.m */,
				779A9D7E1B7C7D0700D86FED /* TextViewElementCell.xib */,
			);
			path = TextView;
			sourceTree = "<group>";
		};
		779A9D7F1B7C7D0700D86FED /* TickBox */ = {
			isa = PBXGroup;
			children = (
				779A9D801B7C7D0700D86FED /* TickBoxElementCell.h */,
				779A9D811B7C7D0700D86FED /* TickBoxElementCell.m */,
				779A9D821B7C7D0700D86FED /* TickBoxElementCell.xib */,
			);
			path = TickBox;
			sourceTree = "<group>";
		};
		77C035BF1B7897C4009228F1 /* Certificate */ = {
			isa = PBXGroup;
			children = (
				77C035C01B7897E3009228F1 /* CertViewController.h */,
				77C035C11B7897E3009228F1 /* CertViewController.m */,
				C3E441761BA06D2F0020700F /* FormSectionTableViewCell.h */,
				C3E441771BA06D2F0020700F /* FormSectionTableViewCell.m */,
			);
			path = Certificate;
			sourceTree = "<group>";
		};
		77DBB90B1B6F553900F02932 /* src */ = {
			isa = PBXGroup;
			children = (
				C3EEB9591BB2E7040090C4B0 /* Common */,
				77DBB9131B6F553900F02932 /* Main */,
				C38E89831B9705D500790752 /* Model */,
				77DBB9171B6F553900F02932 /* View */,
				77DBB90F1B6F553900F02932 /* Controller */,
			);
			path = src;
			sourceTree = "<group>";
		};
		77DBB90F1B6F553900F02932 /* Controller */ = {
			isa = PBXGroup;
			children = (
				77DBB9101B6F553900F02932 /* Login */,
				77DBB9121B6F553900F02932 /* Registration */,
				77DBB9111B6F553900F02932 /* Menu */,
				778522F21B7378BD00EA8455 /* FormsList */,
				775C73861BE0A6A7004CE738 /* FormPreview */,
				77C035BF1B7897C4009228F1 /* Certificate */,
				77DBB92C1B6F590D00F02932 /* ExistingCertificate */,
				77DBB92E1B6F590D00F02932 /* Setting */,
				77E805AC1BD61C62006A384B /* LookUpSearch */,
			);
			path = Controller;
			sourceTree = "<group>";
		};
		77DBB9101B6F553900F02932 /* Login */ = {
			isa = PBXGroup;
			children = (
				77DBB91D1B6F560600F02932 /* LoginViewController.h */,
				77DBB91E1B6F560600F02932 /* LoginViewController.m */,
			);
			path = Login;
			sourceTree = "<group>";
		};
		77DBB9111B6F553900F02932 /* Menu */ = {
			isa = PBXGroup;
			children = (
				77DBB9201B6F562100F02932 /* MenuViewController.h */,
				77DBB9211B6F562100F02932 /* MenuViewController.m */,
			);
			path = Menu;
			sourceTree = "<group>";
		};
		77DBB9121B6F553900F02932 /* Registration */ = {
			isa = PBXGroup;
			children = (
				77DBB9231B6F563500F02932 /* RegistrationViewController.h */,
				77DBB9241B6F563500F02932 /* RegistrationViewController.m */,
			);
			path = Registration;
			sourceTree = "<group>";
		};
		77DBB9131B6F553900F02932 /* Main */ = {
			isa = PBXGroup;
			children = (
				77DBB9141B6F553900F02932 /* AppDelegate.h */,
				77DBB9151B6F553900F02932 /* AppDelegate.m */,
			);
			path = Main;
			sourceTree = "<group>";
		};
		77DBB9171B6F553900F02932 /* View */ = {
			isa = PBXGroup;
			children = (
				77DBB91A1B6F555C00F02932 /* Main.storyboard */,
				77DBB9191B6F555C00F02932 /* LaunchScreen.xib */,
				779A9D481B7C7D0700D86FED /* Elements */,
			);
			path = View;
			sourceTree = "<group>";
		};
		77DBB92C1B6F590D00F02932 /* ExistingCertificate */ = {
			isa = PBXGroup;
			children = (
				C3F626081BB7B41300B3C92E /* ExistingCertsListViewController.h */,
				C3F626091BB7B41300B3C92E /* ExistingCertsListViewController.m */,
				C3AE7E4B1BA0C99800E8C126 /* ExistingCertificateTableViewCell.h */,
				C3AE7E4C1BA0C99800E8C126 /* ExistingCertificateTableViewCell.m */,
				C3F6260B1BB7B86B00B3C92E /* CertificatePreviewViewController.h */,
				C3F6260C1BB7B86B00B3C92E /* CertificatePreviewViewController.m */,
			);
			path = ExistingCertificate;
			sourceTree = "<group>";
		};
		77DBB92E1B6F590D00F02932 /* Setting */ = {
			isa = PBXGroup;
			children = (
				77DBB9351B6F60C300F02932 /* SettingViewController.h */,
				77DBB9361B6F60C300F02932 /* SettingViewController.m */,
			);
			path = Setting;
			sourceTree = "<group>";
		};
		77DC23BC1B6F4A9500624211 = {
			isa = PBXGroup;
			children = (
				77DC23C71B6F4A9600624211 /* EveryCert */,
				77DC23E11B6F4A9600624211 /* EveryCertTests */,
				77DC23C61B6F4A9600624211 /* Products */,
				BE227E6E76C9CF34A16E2621 /* Pods */,
				4F693A4D2742AFE786D89141 /* Frameworks */,
			);
			sourceTree = "<group>";
		};
		77DC23C61B6F4A9600624211 /* Products */ = {
			isa = PBXGroup;
			children = (
				77DC23C51B6F4A9600624211 /* EveryCert.app */,
				77DC23DE1B6F4A9600624211 /* EveryCertTests.xctest */,
			);
			name = Products;
			sourceTree = "<group>";
		};
		77DC23C71B6F4A9600624211 /* EveryCert */ = {
			isa = PBXGroup;
			children = (
				77DBB90B1B6F553900F02932 /* src */,
				779637A81B747D400001ADC2 /* FrameWork */,
				77DC23F71B6F4DA400624211 /* Resources */,
				77DC23C81B6F4A9600624211 /* SupportingFiles */,
			);
			path = EveryCert;
			sourceTree = "<group>";
		};
		77DC23C81B6F4A9600624211 /* SupportingFiles */ = {
			isa = PBXGroup;
			children = (
				77DC23C91B6F4A9600624211 /* Info.plist */,
				77DC23CA1B6F4A9600624211 /* main.m */,
			);
			name = SupportingFiles;
			sourceTree = "<group>";
		};
		77DC23E11B6F4A9600624211 /* EveryCertTests */ = {
			isa = PBXGroup;
			children = (
				77DC23E41B6F4A9600624211 /* EveryCertTests.m */,
				77DC23E21B6F4A9600624211 /* Supporting Files */,
			);
			path = EveryCertTests;
			sourceTree = "<group>";
		};
		77DC23E21B6F4A9600624211 /* Supporting Files */ = {
			isa = PBXGroup;
			children = (
				77DC23E31B6F4A9600624211 /* Info.plist */,
			);
			name = "Supporting Files";
			sourceTree = "<group>";
		};
		77DC23F71B6F4DA400624211 /* Resources */ = {
			isa = PBXGroup;
			children = (
				77DC23F81B6F4DA400624211 /* Database */,
				77DC23D51B6F4A9600624211 /* Images.xcassets */,
			);
			path = Resources;
			sourceTree = "<group>";
		};
		77DC23F81B6F4DA400624211 /* Database */ = {
			isa = PBXGroup;
			children = (
				779BD7D11BDF881200D090CB /* NewEverycertDB.sqlite */,
				77F8E4AB1B82220600C214A4 /* Everycert.sql */,
				C3D722671BD0E79100820881 /* Everycert.sqlite */,
				C34301F71B9832FD007AC6BB /* EverycertWithData.sqlite */,
			);
			path = Database;
			sourceTree = "<group>";
		};
		77E805AC1BD61C62006A384B /* LookUpSearch */ = {
			isa = PBXGroup;
			children = (
				C3DA80AE1BB95C6A00384F50 /* LookupSearchViewController.h */,
				C3DA80AF1BB95C6A00384F50 /* LookupSearchViewController.m */,
				C3DA80B11BB966D400384F50 /* LookupRecordTableViewCell.h */,
				C3DA80B21BB966D400384F50 /* LookupRecordTableViewCell.m */,
			);
			name = LookUpSearch;
			sourceTree = "<group>";
		};
		BE227E6E76C9CF34A16E2621 /* Pods */ = {
			isa = PBXGroup;
			children = (
				4EE41FB74DDDF2865D00F8CF /* Pods.debug.xcconfig */,
				5A067339331CE3E7D6EA518F /* Pods.release.xcconfig */,
			);
			name = Pods;
			sourceTree = "<group>";
		};
		C31AA8A21BCF8F5B007FF9B9 /* FmdbDatasource */ = {
			isa = PBXGroup;
			children = (
				C31AA8A31BCF8F5B007FF9B9 /* FMDBDataSource.h */,
				C31AA8A41BCF8F5B007FF9B9 /* FMDBDataSource.m */,
			);
			path = FmdbDatasource;
			sourceTree = "<group>";
		};
		C327A5EB1BCFCE25005CE426 /* AFNetworking+EveryCertAdditions */ = {
			isa = PBXGroup;
			children = (
				C3D722691BD10F1A00820881 /* AFHTTPRequestOperation_EveryCertExtension.h */,
				C3D7226A1BD10F3D00820881 /* AFHTTPRequestOperation+EveryCertAdditions.h */,
				C3D7226B1BD10F3D00820881 /* AFHTTPRequestOperation+EveryCertAdditions.m */,
			);
			path = "AFNetworking+EveryCertAdditions";
			sourceTree = "<group>";
		};
		C38E89831B9705D500790752 /* Model */ = {
			isa = PBXGroup;
			children = (
				C39F5ED61BEB62B60010F252 /* ECHttpClient.h */,
				C39F5ED71BEB62B60010F252 /* ECHttpClient.m */,
				C39F5ED81BEB62B60010F252 /* ECHTTPResponseModel.h */,
				C39F5ED91BEB62B60010F252 /* ECHttpResponseModel.m */,
				C39F5EDA1BEB62B60010F252 /* ECSyncManager.h */,
				C39F5EDB1BEB62B60010F252 /* ECSyncManager.m */,
				C38E89891B9705D500790752 /* Common */,
				C38E898E1B9705D500790752 /* CompanyUser */,
				C38E89A21B9705D500790752 /* Form */,
				C38E89A71B9705D500790752 /* FormSection */,
				C38E899D1B9705D500790752 /* Element */,
				C38E89B61B9705D500790752 /* SubElement */,
				C38E89841B9705D500790752 /* Certificate */,
				C38E89931B9705D500790752 /* Data */,
				C38E89981B9705D500790752 /* DataBinary */,
				C38E89AC1B9705D500790752 /* LookUp */,
				C38E89B11B9705D500790752 /* Record */,
			);
			path = Model;
			sourceTree = "<group>";
		};
		C38E89841B9705D500790752 /* Certificate */ = {
			isa = PBXGroup;
			children = (
				C38E89871B9705D500790752 /* CertificateModel.h */,
				C38E89881B9705D500790752 /* CertificateModel.m */,
				C38E89851B9705D500790752 /* CertificateHandler.h */,
				C38E89861B9705D500790752 /* CertificateHandler.m */,
			);
			path = Certificate;
			sourceTree = "<group>";
		};
		C38E89891B9705D500790752 /* Common */ = {
			isa = PBXGroup;
			children = (
				C38E898C1B9705D500790752 /* BaseModel.h */,
				C38E898D1B9705D500790752 /* BaseModel.m */,
				C38E898A1B9705D500790752 /* BaseHandler.h */,
				C38E898B1B9705D500790752 /* BaseHandler.m */,
			);
			path = Common;
			sourceTree = "<group>";
		};
		C38E898E1B9705D500790752 /* CompanyUser */ = {
			isa = PBXGroup;
			children = (
				C38E89911B9705D500790752 /* CompanyUserModel.h */,
				C38E89921B9705D500790752 /* CompanyUserModel.m */,
				C38E898F1B9705D500790752 /* CompanyUserHandler.h */,
				C38E89901B9705D500790752 /* CompanyUserHandler.m */,
			);
			path = CompanyUser;
			sourceTree = "<group>";
		};
		C38E89931B9705D500790752 /* Data */ = {
			isa = PBXGroup;
			children = (
				C38E89961B9705D500790752 /* DataModel.h */,
				C38E89971B9705D500790752 /* DataModel.m */,
				C38E89941B9705D500790752 /* DataHandler.h */,
				C38E89951B9705D500790752 /* DataHandler.m */,
			);
			path = Data;
			sourceTree = "<group>";
		};
		C38E89981B9705D500790752 /* DataBinary */ = {
			isa = PBXGroup;
			children = (
				C38E899B1B9705D500790752 /* DataBinaryModel.h */,
				C38E899C1B9705D500790752 /* DataBinaryModel.m */,
				C38E89991B9705D500790752 /* DataBinaryHandler.h */,
				C38E899A1B9705D500790752 /* DataBinaryHandler.m */,
			);
			path = DataBinary;
			sourceTree = "<group>";
		};
		C38E899D1B9705D500790752 /* Element */ = {
			isa = PBXGroup;
			children = (
				C38E89A01B9705D500790752 /* ElementModel.h */,
				C38E89A11B9705D500790752 /* ElementModel.m */,
				C38E899E1B9705D500790752 /* ElementHandler.h */,
				C38E899F1B9705D500790752 /* ElementHandler.m */,
			);
			path = Element;
			sourceTree = "<group>";
		};
		C38E89A21B9705D500790752 /* Form */ = {
			isa = PBXGroup;
			children = (
				C38E89A51B9705D500790752 /* FormModel.h */,
				C38E89A61B9705D500790752 /* FormModel.m */,
				C38E89A31B9705D500790752 /* FormHandler.h */,
				C38E89A41B9705D500790752 /* FormHandler.m */,
			);
			path = Form;
			sourceTree = "<group>";
		};
		C38E89A71B9705D500790752 /* FormSection */ = {
			isa = PBXGroup;
			children = (
				C38E89AA1B9705D500790752 /* FormSectionModel.h */,
				C38E89AB1B9705D500790752 /* FormSectionModel.m */,
				C38E89A81B9705D500790752 /* FormSectionHandler.h */,
				C38E89A91B9705D500790752 /* FormSectionHandler.m */,
			);
			path = FormSection;
			sourceTree = "<group>";
		};
		C38E89AC1B9705D500790752 /* LookUp */ = {
			isa = PBXGroup;
			children = (
				C38E89AF1B9705D500790752 /* LookUpModel.h */,
				C38E89B01B9705D500790752 /* LookUpModel.m */,
				C38E89AD1B9705D500790752 /* LookUpHandler.h */,
				C38E89AE1B9705D500790752 /* LookUpHandler.m */,
			);
			path = LookUp;
			sourceTree = "<group>";
		};
		C38E89B11B9705D500790752 /* Record */ = {
			isa = PBXGroup;
			children = (
				C38E89B41B9705D500790752 /* RecordModel.h */,
				C38E89B51B9705D500790752 /* RecordModel.m */,
				C38E89B21B9705D500790752 /* RecordHandler.h */,
				C38E89B31B9705D500790752 /* RecordHandler.m */,
			);
			path = Record;
			sourceTree = "<group>";
		};
		C38E89B61B9705D500790752 /* SubElement */ = {
			isa = PBXGroup;
			children = (
				C38E89B91B9705D500790752 /* SubElementModel.h */,
				C38E89BA1B9705D500790752 /* SubElementModel.m */,
				C38E89B71B9705D500790752 /* SubElementHandler.h */,
				C38E89B81B9705D500790752 /* SubElementHandler.m */,
			);
			path = SubElement;
			sourceTree = "<group>";
		};
		C3EEB9501BB2E5590090C4B0 /* Picker */ = {
			isa = PBXGroup;
			children = (
				C3EEB99A1BB2EB640090C4B0 /* PickerElementCell.h */,
				C3EEB99B1BB2EB640090C4B0 /* PickerElementCell.m */,
				C3EEB99D1BB2EB710090C4B0 /* PickerElementCell.xib */,
			);
			path = Picker;
			sourceTree = "<group>";
		};
		C3EEB9511BB2E5B80090C4B0 /* Line */ = {
			isa = PBXGroup;
			children = (
				C3EEB9521BB2E5B80090C4B0 /* LineElementCell.h */,
				C3EEB9531BB2E5B80090C4B0 /* LineElementCell.m */,
				C3EEB9541BB2E5B80090C4B0 /* LineElementCell.xib */,
			);
			path = Line;
			sourceTree = "<group>";
		};
		C3EEB9571BB2E6010090C4B0 /* Photo */ = {
			isa = PBXGroup;
			children = (
				C3EEB98D1BB2E8060090C4B0 /* PhotoElementCell.h */,
				C3EEB98E1BB2E8060090C4B0 /* PhotoElementCell.m */,
				C3EEB98F1BB2E8060090C4B0 /* PhotoElementCell.xib */,
			);
			path = Photo;
			sourceTree = "<group>";
		};
		C3EEB9581BB2E6010090C4B0 /* Search */ = {
			isa = PBXGroup;
			children = (
				C3EEB9951BB2E8BC0090C4B0 /* SearchElementCell.h */,
				C3EEB9961BB2E8BC0090C4B0 /* SearchElementCell.m */,
				C3EEB9981BB2E8F90090C4B0 /* SearchElementCell.xib */,
			);
			path = Search;
			sourceTree = "<group>";
		};
		C3EEB9591BB2E7040090C4B0 /* Common */ = {
			isa = PBXGroup;
			children = (
				C3EEB9601BB2E7040090C4B0 /* Constant */,
				C3EEB95D1BB2E7040090C4B0 /* CommonUtils */,
				C3EEB95A1BB2E7040090C4B0 /* Categories */,
				C31AA8A21BCF8F5B007FF9B9 /* FmdbDatasource */,
				C327A5EB1BCFCE25005CE426 /* AFNetworking+EveryCertAdditions */,
				C3EEB9751BB2E7040090C4B0 /* KeyBoardAvoiding */,
				C3EEB9721BB2E7040090C4B0 /* FormsPdfDrawing */,
			);
			path = Common;
			sourceTree = "<group>";
		};
		C3EEB95A1BB2E7040090C4B0 /* Categories */ = {
			isa = PBXGroup;
			children = (
				C3EEB95B1BB2E7040090C4B0 /* UIView+Extension.h */,
				C3EEB95C1BB2E7040090C4B0 /* UIView+Extension.m */,
			);
			path = Categories;
			sourceTree = "<group>";
		};
		C3EEB95D1BB2E7040090C4B0 /* CommonUtils */ = {
			isa = PBXGroup;
			children = (
				C3EEB95E1BB2E7040090C4B0 /* CommonUtils.h */,
				C3EEB95F1BB2E7040090C4B0 /* CommonUtils.m */,
			);
			path = CommonUtils;
			sourceTree = "<group>";
		};
		C3EEB9601BB2E7040090C4B0 /* Constant */ = {
			isa = PBXGroup;
			children = (
				C3EEB9611BB2E7040090C4B0 /* Constant.h */,
				C3EEB9621BB2E7040090C4B0 /* Constant.m */,
			);
			path = Constant;
			sourceTree = "<group>";
		};
		C3EEB9721BB2E7040090C4B0 /* FormsPdfDrawing */ = {
			isa = PBXGroup;
			children = (
				C3EEB9731BB2E7040090C4B0 /* DrawingPDF.h */,
				C3EEB9741BB2E7040090C4B0 /* DrawingPDF.m */,
			);
			path = FormsPdfDrawing;
			sourceTree = "<group>";
		};
		C3EEB9751BB2E7040090C4B0 /* KeyBoardAvoiding */ = {
			isa = PBXGroup;
			children = (
				C3EEB9761BB2E7040090C4B0 /* KeyBoardScrollView.h */,
				C3EEB9771BB2E7040090C4B0 /* KeyBoardScrollView.m */,
				C3C6EC841BCD199D00973895 /* KeyBoardTableView.h */,
				C3C6EC851BCD199D00973895 /* KeyBoardTableView.m */,
			);
			path = KeyBoardAvoiding;
			sourceTree = "<group>";
		};
/* End PBXGroup section */

/* Begin PBXNativeTarget section */
		77DC23C41B6F4A9500624211 /* EveryCert */ = {
			isa = PBXNativeTarget;
			buildConfigurationList = 77DC23E81B6F4A9600624211 /* Build configuration list for PBXNativeTarget "EveryCert" */;
			buildPhases = (
				062CDC8F475796556092572A /* Check Pods Manifest.lock */,
				77DC23C11B6F4A9500624211 /* Sources */,
				77DC23C21B6F4A9500624211 /* Frameworks */,
				77DC23C31B6F4A9500624211 /* Resources */,
				0CDA7E28DCCBC7A227DF7083 /* Copy Pods Resources */,
				4D1CE449F683CBBAE87BC4B5 /* Embed Pods Frameworks */,
			);
			buildRules = (
			);
			dependencies = (
			);
			name = EveryCert;
			productName = EveryCert;
			productReference = 77DC23C51B6F4A9600624211 /* EveryCert.app */;
			productType = "com.apple.product-type.application";
		};
		77DC23DD1B6F4A9600624211 /* EveryCertTests */ = {
			isa = PBXNativeTarget;
			buildConfigurationList = 77DC23EB1B6F4A9600624211 /* Build configuration list for PBXNativeTarget "EveryCertTests" */;
			buildPhases = (
				77DC23DA1B6F4A9600624211 /* Sources */,
				77DC23DB1B6F4A9600624211 /* Frameworks */,
				77DC23DC1B6F4A9600624211 /* Resources */,
			);
			buildRules = (
			);
			dependencies = (
				77DC23E01B6F4A9600624211 /* PBXTargetDependency */,
			);
			name = EveryCertTests;
			productName = EveryCertTests;
			productReference = 77DC23DE1B6F4A9600624211 /* EveryCertTests.xctest */;
			productType = "com.apple.product-type.bundle.unit-test";
		};
/* End PBXNativeTarget section */

/* Begin PBXProject section */
		77DC23BD1B6F4A9500624211 /* Project object */ = {
			isa = PBXProject;
			attributes = {
				LastUpgradeCheck = 0630;
				ORGANIZATIONNAME = "ChromeInfo Technologies";
				TargetAttributes = {
					77DC23C41B6F4A9500624211 = {
						CreatedOnToolsVersion = 6.3.2;
						DevelopmentTeam = YYK27J32TT;
					};
					77DC23DD1B6F4A9600624211 = {
						CreatedOnToolsVersion = 6.3.2;
						TestTargetID = 77DC23C41B6F4A9500624211;
					};
				};
			};
			buildConfigurationList = 77DC23C01B6F4A9500624211 /* Build configuration list for PBXProject "EveryCert" */;
			compatibilityVersion = "Xcode 3.2";
			developmentRegion = English;
			hasScannedForEncodings = 0;
			knownRegions = (
				en,
				Base,
			);
			mainGroup = 77DC23BC1B6F4A9500624211;
			productRefGroup = 77DC23C61B6F4A9600624211 /* Products */;
			projectDirPath = "";
			projectRoot = "";
			targets = (
				77DC23C41B6F4A9500624211 /* EveryCert */,
				77DC23DD1B6F4A9600624211 /* EveryCertTests */,
			);
		};
/* End PBXProject section */

/* Begin PBXResourcesBuildPhase section */
		77DC23C31B6F4A9500624211 /* Resources */ = {
			isa = PBXResourcesBuildPhase;
			buildActionMask = 2147483647;
			files = (
				C3FFB4371B9B36180089A0B2 /* PickListElementCell.xib in Resources */,
				779A9D8A1B7C7D0700D86FED /* PickListViewController.xib in Resources */,
				C3FFB4421B9B6FC30089A0B2 /* RadioButtonElementCell.xib in Resources */,
				C3EEB9991BB2E8F90090C4B0 /* SearchElementCell.xib in Resources */,
				779BD7D21BDF881200D090CB /* NewEverycertDB.sqlite in Resources */,
				C3D722681BD0E79100820881 /* Everycert.sqlite in Resources */,
				77DBB91C1B6F555C00F02932 /* Main.storyboard in Resources */,
				779A9D941B7C7D0700D86FED /* SubElementCell.xib in Resources */,
				77F8E4AC1B82220600C214A4 /* Everycert.sql in Resources */,
				779A9D921B7C7D0700D86FED /* SignatureViewController.xib in Resources */,
				779A9D9A1B7C7D0700D86FED /* TextViewElementCell.xib in Resources */,
				C3FFB43C1B9B3CF40089A0B2 /* SignatureElementCell.xib in Resources */,
				C3EEB9561BB2E5B80090C4B0 /* LineElementCell.xib in Resources */,
				77DBB91B1B6F555C00F02932 /* LaunchScreen.xib in Resources */,
				C3EEB99E1BB2EB710090C4B0 /* PickerElementCell.xib in Resources */,
				779A9D961B7C7D0700D86FED /* TextFieldElementCell.xib in Resources */,
				779A9D981B7C7D0700D86FED /* TextLabelElementCell.xib in Resources */,
				C3EEB9911BB2E8060090C4B0 /* PhotoElementCell.xib in Resources */,
				779A9D861B7C7D0700D86FED /* LookupElementCell.xib in Resources */,
				779A9D9C1B7C7D0700D86FED /* TickBoxElementCell.xib in Resources */,
				77DC23D61B6F4A9600624211 /* Images.xcassets in Resources */,
				C34301F81B9832FD007AC6BB /* EverycertWithData.sqlite in Resources */,
			);
			runOnlyForDeploymentPostprocessing = 0;
		};
		77DC23DC1B6F4A9600624211 /* Resources */ = {
			isa = PBXResourcesBuildPhase;
			buildActionMask = 2147483647;
			files = (
			);
			runOnlyForDeploymentPostprocessing = 0;
		};
/* End PBXResourcesBuildPhase section */

/* Begin PBXShellScriptBuildPhase section */
		062CDC8F475796556092572A /* Check Pods Manifest.lock */ = {
			isa = PBXShellScriptBuildPhase;
			buildActionMask = 2147483647;
			files = (
			);
			inputPaths = (
			);
			name = "Check Pods Manifest.lock";
			outputPaths = (
			);
			runOnlyForDeploymentPostprocessing = 0;
			shellPath = /bin/sh;
			shellScript = "diff \"${PODS_ROOT}/../Podfile.lock\" \"${PODS_ROOT}/Manifest.lock\" > /dev/null\nif [[ $? != 0 ]] ; then\n    cat << EOM\nerror: The sandbox is not in sync with the Podfile.lock. Run 'pod install' or update your CocoaPods installation.\nEOM\n    exit 1\nfi\n";
			showEnvVarsInLog = 0;
		};
		0CDA7E28DCCBC7A227DF7083 /* Copy Pods Resources */ = {
			isa = PBXShellScriptBuildPhase;
			buildActionMask = 2147483647;
			files = (
			);
			inputPaths = (
			);
			name = "Copy Pods Resources";
			outputPaths = (
			);
			runOnlyForDeploymentPostprocessing = 0;
			shellPath = /bin/sh;
			shellScript = "\"${SRCROOT}/Pods/Target Support Files/Pods/Pods-resources.sh\"\n";
			showEnvVarsInLog = 0;
		};
		4D1CE449F683CBBAE87BC4B5 /* Embed Pods Frameworks */ = {
			isa = PBXShellScriptBuildPhase;
			buildActionMask = 2147483647;
			files = (
			);
			inputPaths = (
			);
			name = "Embed Pods Frameworks";
			outputPaths = (
			);
			runOnlyForDeploymentPostprocessing = 0;
			shellPath = /bin/sh;
			shellScript = "\"${SRCROOT}/Pods/Target Support Files/Pods/Pods-frameworks.sh\"\n";
			showEnvVarsInLog = 0;
		};
/* End PBXShellScriptBuildPhase section */

/* Begin PBXSourcesBuildPhase section */
		77DC23C11B6F4A9500624211 /* Sources */ = {
			isa = PBXSourcesBuildPhase;
			buildActionMask = 2147483647;
			files = (
				C39F5EDC1BEB62B60010F252 /* ECHttpClient.m in Sources */,
				77DBB9181B6F553900F02932 /* AppDelegate.m in Sources */,
				C3EEB9901BB2E8060090C4B0 /* PhotoElementCell.m in Sources */,
				C38E89C71B9705D500790752 /* FormHandler.m in Sources */,
				77DC23CB1B6F4A9600624211 /* main.m in Sources */,
				C38E89CD1B9705D500790752 /* RecordHandler.m in Sources */,
				C3EEB9881BB2E7040090C4B0 /* KeyBoardScrollView.m in Sources */,
				C38E89C51B9705D500790752 /* ElementHandler.m in Sources */,
				C39F5EDD1BEB62B60010F252 /* ECHttpResponseModel.m in Sources */,
				C3EEB94E1BB2E5050090C4B0 /* ElementTableView.m in Sources */,
				C38E89CC1B9705D500790752 /* LookUpModel.m in Sources */,
				779A9D851B7C7D0700D86FED /* LookupElementCell.m in Sources */,
				C3FFB43D1B9B3CF40089A0B2 /* SignatureElementCell.m in Sources */,
				C3F6260D1BB7B86B00B3C92E /* CertificatePreviewViewController.m in Sources */,
				C3D7226C1BD10F3D00820881 /* AFHTTPRequestOperation+EveryCertAdditions.m in Sources */,
				C38E89C01B9705D500790752 /* CompanyUserModel.m in Sources */,
				C38E89C21B9705D500790752 /* DataModel.m in Sources */,
				C38E89D01B9705D500790752 /* SubElementModel.m in Sources */,
				779A9D8E1B7C7D0700D86FED /* SignatureDrawingView.m in Sources */,
				C38E89CB1B9705D500790752 /* LookUpHandler.m in Sources */,
				C3EEB9551BB2E5B80090C4B0 /* LineElementCell.m in Sources */,
				779A9D991B7C7D0700D86FED /* TextViewElementCell.m in Sources */,
				779A9D891B7C7D0700D86FED /* PickListViewController.m in Sources */,
				77DBB9251B6F563500F02932 /* RegistrationViewController.m in Sources */,
				C38E89BF1B9705D500790752 /* CompanyUserHandler.m in Sources */,
				779A9D8D1B7C7D0700D86FED /* RadioButtonView.m in Sources */,
				775C73891BE0A73E004CE738 /* FormPreviewViewController.m in Sources */,
				C38E89BE1B9705D500790752 /* BaseModel.m in Sources */,
				C3EEB9801BB2E7040090C4B0 /* Constant.m in Sources */,
				C38E89C41B9705D500790752 /* DataBinaryModel.m in Sources */,
				C3EEB9871BB2E7040090C4B0 /* DrawingPDF.m in Sources */,
				C38E89C81B9705D500790752 /* FormModel.m in Sources */,
				C38E89C91B9705D500790752 /* FormSectionHandler.m in Sources */,
				C3DA80B01BB95C6A00384F50 /* LookupSearchViewController.m in Sources */,
				C38E89CA1B9705D500790752 /* FormSectionModel.m in Sources */,
				C3C6EC861BCD199D00973895 /* KeyBoardTableView.m in Sources */,
				77DBB91F1B6F560600F02932 /* LoginViewController.m in Sources */,
				77C035BE1B789794009228F1 /* FormsListViewController.m in Sources */,
				779A9D911B7C7D0700D86FED /* SignatureViewController.m in Sources */,
				77DBB9221B6F562100F02932 /* MenuViewController.m in Sources */,
				C3EEB99C1BB2EB640090C4B0 /* PickerElementCell.m in Sources */,
				C38E89C11B9705D500790752 /* DataHandler.m in Sources */,
				779A9D971B7C7D0700D86FED /* TextLabelElementCell.m in Sources */,
				C3EEB9971BB2E8BC0090C4B0 /* SearchElementCell.m in Sources */,
				C38E89C61B9705D500790752 /* ElementModel.m in Sources */,
				C38E89C31B9705D500790752 /* DataBinaryHandler.m in Sources */,
				C3DA80B31BB966D400384F50 /* LookupRecordTableViewCell.m in Sources */,
				C38E89BC1B9705D500790752 /* CertificateModel.m in Sources */,
				779A9D931B7C7D0700D86FED /* SubElementCell.m in Sources */,
				C3E441751BA059180020700F /* FormTypeTableViewCell.m in Sources */,
				C38E89BB1B9705D500790752 /* CertificateHandler.m in Sources */,
				C38E89CE1B9705D500790752 /* RecordModel.m in Sources */,
				C3EEB97E1BB2E7040090C4B0 /* UIView+Extension.m in Sources */,
				C3F6260A1BB7B41300B3C92E /* ExistingCertsListViewController.m in Sources */,
				77DBB9371B6F60C300F02932 /* SettingViewController.m in Sources */,
				C3EEB94F1BB2E5050090C4B0 /* ElementTableViewCell.m in Sources */,
				C38E89BD1B9705D500790752 /* BaseHandler.m in Sources */,
				C31AA8A51BCF8F5B007FF9B9 /* FMDBDataSource.m in Sources */,
				C39F5EDE1BEB62B60010F252 /* ECSyncManager.m in Sources */,
				C3AE7E4D1BA0C99800E8C126 /* ExistingCertificateTableViewCell.m in Sources */,
				C38E89CF1B9705D500790752 /* SubElementHandler.m in Sources */,
				C3E441781BA06D2F0020700F /* FormSectionTableViewCell.m in Sources */,
				77C035C21B7897E3009228F1 /* CertViewController.m in Sources */,
				779A9D9B1B7C7D0700D86FED /* TickBoxElementCell.m in Sources */,
				C3FFB4381B9B36180089A0B2 /* PickListElementCell.m in Sources */,
				779A9D951B7C7D0700D86FED /* TextFieldElementCell.m in Sources */,
				C3EEB97F1BB2E7040090C4B0 /* CommonUtils.m in Sources */,
				C3FFB4411B9B6FC30089A0B2 /* RadioButtonElementCell.m in Sources */,
			);
			runOnlyForDeploymentPostprocessing = 0;
		};
		77DC23DA1B6F4A9600624211 /* Sources */ = {
			isa = PBXSourcesBuildPhase;
			buildActionMask = 2147483647;
			files = (
				77DC23E51B6F4A9600624211 /* EveryCertTests.m in Sources */,
			);
			runOnlyForDeploymentPostprocessing = 0;
		};
/* End PBXSourcesBuildPhase section */

/* Begin PBXTargetDependency section */
		77DC23E01B6F4A9600624211 /* PBXTargetDependency */ = {
			isa = PBXTargetDependency;
			target = 77DC23C41B6F4A9500624211 /* EveryCert */;
			targetProxy = 77DC23DF1B6F4A9600624211 /* PBXContainerItemProxy */;
		};
/* End PBXTargetDependency section */

/* Begin XCBuildConfiguration section */
		77DC23E61B6F4A9600624211 /* Debug */ = {
			isa = XCBuildConfiguration;
			buildSettings = {
				ALWAYS_SEARCH_USER_PATHS = NO;
				CLANG_CXX_LANGUAGE_STANDARD = "gnu++0x";
				CLANG_CXX_LIBRARY = "libc++";
				CLANG_ENABLE_MODULES = YES;
				CLANG_ENABLE_OBJC_ARC = YES;
				CLANG_WARN_BOOL_CONVERSION = YES;
				CLANG_WARN_CONSTANT_CONVERSION = YES;
				CLANG_WARN_DIRECT_OBJC_ISA_USAGE = YES_ERROR;
				CLANG_WARN_EMPTY_BODY = YES;
				CLANG_WARN_ENUM_CONVERSION = YES;
				CLANG_WARN_INT_CONVERSION = YES;
				CLANG_WARN_OBJC_ROOT_CLASS = YES_ERROR;
				CLANG_WARN_UNREACHABLE_CODE = YES;
				CLANG_WARN__DUPLICATE_METHOD_MATCH = YES;
				"CODE_SIGN_IDENTITY[sdk=iphoneos*]" = "iPhone Developer";
				COPY_PHASE_STRIP = NO;
				DEBUG_INFORMATION_FORMAT = "dwarf-with-dsym";
				ENABLE_STRICT_OBJC_MSGSEND = YES;
				GCC_C_LANGUAGE_STANDARD = gnu99;
				GCC_DYNAMIC_NO_PIC = NO;
				GCC_NO_COMMON_BLOCKS = YES;
				GCC_OPTIMIZATION_LEVEL = 0;
				GCC_PREPROCESSOR_DEFINITIONS = (
					"DEBUG=1",
					"$(inherited)",
				);
				GCC_SYMBOLS_PRIVATE_EXTERN = NO;
				GCC_WARN_64_TO_32_BIT_CONVERSION = YES;
				GCC_WARN_ABOUT_RETURN_TYPE = YES_ERROR;
				GCC_WARN_UNDECLARED_SELECTOR = YES;
				GCC_WARN_UNINITIALIZED_AUTOS = YES_AGGRESSIVE;
				GCC_WARN_UNUSED_FUNCTION = YES;
				GCC_WARN_UNUSED_VARIABLE = YES;
				IPHONEOS_DEPLOYMENT_TARGET = 8.3;
				MTL_ENABLE_DEBUG_INFO = YES;
				ONLY_ACTIVE_ARCH = YES;
				SDKROOT = iphoneos;
				TARGETED_DEVICE_FAMILY = "1,2";
			};
			name = Debug;
		};
		77DC23E71B6F4A9600624211 /* Release */ = {
			isa = XCBuildConfiguration;
			buildSettings = {
				ALWAYS_SEARCH_USER_PATHS = NO;
				CLANG_CXX_LANGUAGE_STANDARD = "gnu++0x";
				CLANG_CXX_LIBRARY = "libc++";
				CLANG_ENABLE_MODULES = YES;
				CLANG_ENABLE_OBJC_ARC = YES;
				CLANG_WARN_BOOL_CONVERSION = YES;
				CLANG_WARN_CONSTANT_CONVERSION = YES;
				CLANG_WARN_DIRECT_OBJC_ISA_USAGE = YES_ERROR;
				CLANG_WARN_EMPTY_BODY = YES;
				CLANG_WARN_ENUM_CONVERSION = YES;
				CLANG_WARN_INT_CONVERSION = YES;
				CLANG_WARN_OBJC_ROOT_CLASS = YES_ERROR;
				CLANG_WARN_UNREACHABLE_CODE = YES;
				CLANG_WARN__DUPLICATE_METHOD_MATCH = YES;
				"CODE_SIGN_IDENTITY[sdk=iphoneos*]" = "iPhone Developer";
				COPY_PHASE_STRIP = NO;
				DEBUG_INFORMATION_FORMAT = "dwarf-with-dsym";
				ENABLE_NS_ASSERTIONS = NO;
				ENABLE_STRICT_OBJC_MSGSEND = YES;
				GCC_C_LANGUAGE_STANDARD = gnu99;
				GCC_NO_COMMON_BLOCKS = YES;
				GCC_WARN_64_TO_32_BIT_CONVERSION = YES;
				GCC_WARN_ABOUT_RETURN_TYPE = YES_ERROR;
				GCC_WARN_UNDECLARED_SELECTOR = YES;
				GCC_WARN_UNINITIALIZED_AUTOS = YES_AGGRESSIVE;
				GCC_WARN_UNUSED_FUNCTION = YES;
				GCC_WARN_UNUSED_VARIABLE = YES;
				IPHONEOS_DEPLOYMENT_TARGET = 8.3;
				MTL_ENABLE_DEBUG_INFO = NO;
				SDKROOT = iphoneos;
				TARGETED_DEVICE_FAMILY = "1,2";
				VALIDATE_PRODUCT = YES;
			};
			name = Release;
		};
		77DC23E91B6F4A9600624211 /* Debug */ = {
			isa = XCBuildConfiguration;
			baseConfigurationReference = 4EE41FB74DDDF2865D00F8CF /* Pods.debug.xcconfig */;
			buildSettings = {
				ASSETCATALOG_COMPILER_APPICON_NAME = AppIcon;
				CODE_SIGN_IDENTITY = "iPhone Distribution: Software Works for You Ltd (YYK27J32TT)";
				GCC_PRECOMPILE_PREFIX_HEADER = YES;
				GCC_PREFIX_HEADER = EveryCert/EveryCert.pch;
				INFOPLIST_FILE = EveryCert/Info.plist;
				IPHONEOS_DEPLOYMENT_TARGET = 8.0;
				LD_RUNPATH_SEARCH_PATHS = "$(inherited) @executable_path/Frameworks";
				PRODUCT_NAME = "$(TARGET_NAME)";
				PROVISIONING_PROFILE = "6a17333e-e3c2-491d-bce5-ab23bc2cfb44";
			};
			name = Debug;
		};
		77DC23EA1B6F4A9600624211 /* Release */ = {
			isa = XCBuildConfiguration;
			baseConfigurationReference = 5A067339331CE3E7D6EA518F /* Pods.release.xcconfig */;
			buildSettings = {
				ASSETCATALOG_COMPILER_APPICON_NAME = AppIcon;
				CODE_SIGN_IDENTITY = "iPhone Distribution: Software Works for You Ltd (YYK27J32TT)";
				"CODE_SIGN_IDENTITY[sdk=iphoneos*]" = "iPhone Distribution: Software Works for You Ltd (YYK27J32TT)";
				GCC_PRECOMPILE_PREFIX_HEADER = YES;
				GCC_PREFIX_HEADER = EveryCert/EveryCert.pch;
				INFOPLIST_FILE = EveryCert/Info.plist;
				IPHONEOS_DEPLOYMENT_TARGET = 8.0;
				LD_RUNPATH_SEARCH_PATHS = "$(inherited) @executable_path/Frameworks";
				PRODUCT_NAME = "$(TARGET_NAME)";
				PROVISIONING_PROFILE = "6a17333e-e3c2-491d-bce5-ab23bc2cfb44";
			};
			name = Release;
		};
		77DC23EC1B6F4A9600624211 /* Debug */ = {
			isa = XCBuildConfiguration;
			buildSettings = {
				BUNDLE_LOADER = "$(TEST_HOST)";
				FRAMEWORK_SEARCH_PATHS = (
					"$(SDKROOT)/Developer/Library/Frameworks",
					"$(inherited)",
				);
				GCC_PREPROCESSOR_DEFINITIONS = (
					"DEBUG=1",
					"$(inherited)",
				);
				INFOPLIST_FILE = EveryCertTests/Info.plist;
				LD_RUNPATH_SEARCH_PATHS = "$(inherited) @executable_path/Frameworks @loader_path/Frameworks";
				PRODUCT_NAME = "$(TARGET_NAME)";
				TEST_HOST = "$(BUILT_PRODUCTS_DIR)/EveryCert.app/EveryCert";
			};
			name = Debug;
		};
		77DC23ED1B6F4A9600624211 /* Release */ = {
			isa = XCBuildConfiguration;
			buildSettings = {
				BUNDLE_LOADER = "$(TEST_HOST)";
				FRAMEWORK_SEARCH_PATHS = (
					"$(SDKROOT)/Developer/Library/Frameworks",
					"$(inherited)",
				);
				INFOPLIST_FILE = EveryCertTests/Info.plist;
				LD_RUNPATH_SEARCH_PATHS = "$(inherited) @executable_path/Frameworks @loader_path/Frameworks";
				PRODUCT_NAME = "$(TARGET_NAME)";
				TEST_HOST = "$(BUILT_PRODUCTS_DIR)/EveryCert.app/EveryCert";
			};
			name = Release;
		};
/* End XCBuildConfiguration section */

/* Begin XCConfigurationList section */
		77DC23C01B6F4A9500624211 /* Build configuration list for PBXProject "EveryCert" */ = {
			isa = XCConfigurationList;
			buildConfigurations = (
				77DC23E61B6F4A9600624211 /* Debug */,
				77DC23E71B6F4A9600624211 /* Release */,
			);
			defaultConfigurationIsVisible = 0;
			defaultConfigurationName = Release;
		};
		77DC23E81B6F4A9600624211 /* Build configuration list for PBXNativeTarget "EveryCert" */ = {
			isa = XCConfigurationList;
			buildConfigurations = (
				77DC23E91B6F4A9600624211 /* Debug */,
				77DC23EA1B6F4A9600624211 /* Release */,
			);
			defaultConfigurationIsVisible = 0;
			defaultConfigurationName = Release;
		};
		77DC23EB1B6F4A9600624211 /* Build configuration list for PBXNativeTarget "EveryCertTests" */ = {
			isa = XCConfigurationList;
			buildConfigurations = (
				77DC23EC1B6F4A9600624211 /* Debug */,
				77DC23ED1B6F4A9600624211 /* Release */,
			);
			defaultConfigurationIsVisible = 0;
			defaultConfigurationName = Release;
		};
/* End XCConfigurationList section */
	};
	rootObject = 77DC23BD1B6F4A9500624211 /* Project object */;
}
